PODS:
  - AXCameraKit (0.1.4)
  - AXDrawerKit (0.0.1)
  - AXFeedbackKit (0.0.1)
  - AXStatusKit (0.0.1)
  - AXTabKit (0.0.3)
  - AXTableKit (0.0.3)
  - AXThemeKit (0.0.3)
  - FMDB (2.7.2):
    - FMDB/standard (= 2.7.2)
  - FMDB/standard (2.7.2)
  - MJRefresh (3.1.15.3)
  - SCLAlertView-Objective-C (1.1.3)
  - SDWebImage (4.4.0):
    - SDWebImage/Core (= 4.4.0)
  - SDWebImage/Core (4.4.0)
  - YYKit (1.0.9):
    - YYKit/no-arc (= 1.0.9)
  - YYKit/no-arc (1.0.9)

DEPENDENCIES:
  - AXCameraKit
  - AXDrawerKit
  - AXFeedbackKit
  - AXStatusKit
  - AXTabKit
  - AXTableKit
  - AXThemeKit
  - FMDB
  - MJRefresh
  - SCLAlertView-Objective-C
  - SDWebImage
  - YYKit

SPEC CHECKSUMS:
  AXCameraKit: b7b9efb0394e94356ceb7e4ac85085903f9603c7
  AXDrawerKit: e4f40d560cb8c3054fb84cc1561f5537494eec0a
  AXFeedbackKit: 3b86e58489edd25208b804533a82cee27a957257
  AXStatusKit: 55b8e22a5e6f0ea9c8ca2c8dc99c72270c180447
  AXTabKit: 1746b6882d506cb6e99d65a1554a0df97b86c697
  AXTableKit: db37c30dbe9edee260d274a9f93411b675665371
  AXThemeKit: abb1c715efa4464e2d48e04cd7127f3c5a139dfa
  FMDB: 6198a90e7b6900cfc046e6bc0ef6ebb7be9236aa
  MJRefresh: b48380ae2b927b46c4ef000de9adb8dc748e1df7
  SCLAlertView-Objective-C: 917836fb2349afa58edc43d592d22d21d46bb2a4
  SDWebImage: b534502786e43dde36dfcaee89356fe6df30e203
  YYKit: 7cda43304a8dc3696c449041e2cb3107b4e236e7

PODFILE CHECKSUM: 07a0d5b336177fc7dfb29aeb54d275925979fa01

COCOAPODS: 1.4.0
