// !$*UTF8*$!
{
	archiveVersion = 1;
	classes = {
	};
	objectVersion = 46;
	objects = {

/* Begin PBXAggregateTarget section */
		CDAB59451E6C0F270017CA1E /* Framework */ = {
			isa = PBXAggregateTarget;
			buildConfigurationList = CDAB59461E6C0F270017CA1E /* Build configuration list for PBXAggregateTarget "Framework" */;
			buildPhases = (
				CDAB59491E6C0F3B0017CA1E /* ShellScript */,
			);
			dependencies = (
			);
			name = Framework;
			productName = Framework;
		};
/* End PBXAggregateTarget section */

/* Begin PBXBuildFile section */
		8579EEFF1E6BEDF900C33881 /* main.m in Sources */ = {isa = PBXBuildFile; fileRef = 8579EEFE1E6BEDF900C33881 /* main.m */; };
		8579EF021E6BEDF900C33881 /* AppDelegate.m in Sources */ = {isa = PBXBuildFile; fileRef = 8579EF011E6BEDF900C33881 /* AppDelegate.m */; };
		8579EF081E6BEDF900C33881 /* Main.storyboard in Resources */ = {isa = PBXBuildFile; fileRef = 8579EF061E6BEDF900C33881 /* Main.storyboard */; };
		8579EF0A1E6BEDF900C33881 /* Assets.xcassets in Resources */ = {isa = PBXBuildFile; fileRef = 8579EF091E6BEDF900C33881 /* Assets.xcassets */; };
		8579EF0D1E6BEDF900C33881 /* LaunchScreen.storyboard in Resources */ = {isa = PBXBuildFile; fileRef = 8579EF0B1E6BEDF900C33881 /* LaunchScreen.storyboard */; };
		8579EF1D1E6BEE4F00C33881 /* AXKit.h in Headers */ = {isa = PBXBuildFile; fileRef = 8579EF1B1E6BEE4F00C33881 /* AXKit.h */; settings = {ATTRIBUTES = (Public, ); }; };
		8579EF201E6BEE4F00C33881 /* AXKit.framework in Frameworks */ = {isa = PBXBuildFile; fileRef = 8579EF191E6BEE4F00C33881 /* AXKit.framework */; };
		8579EF211E6BEE4F00C33881 /* AXKit.framework in Embed Frameworks */ = {isa = PBXBuildFile; fileRef = 8579EF191E6BEE4F00C33881 /* AXKit.framework */; settings = {ATTRIBUTES = (CodeSignOnCopy, RemoveHeadersOnCopy, ); }; };
		CD004D1A1EB2128C00ACC0B8 /* UIImageView+AXExtension.h in Headers */ = {isa = PBXBuildFile; fileRef = CD004D181EB2128C00ACC0B8 /* UIImageView+AXExtension.h */; settings = {ATTRIBUTES = (Public, ); }; };
		CD004D1B1EB2128C00ACC0B8 /* UIImageView+AXExtension.m in Sources */ = {isa = PBXBuildFile; fileRef = CD004D191EB2128C00ACC0B8 /* UIImageView+AXExtension.m */; };
		CD0645A31EB3A3DF007FBF06 /* Localizable.strings in Resources */ = {isa = PBXBuildFile; fileRef = CD0645A51EB3A3DF007FBF06 /* Localizable.strings */; };
		CD0645AB1EB3AA78007FBF06 /* framework.json in Resources */ = {isa = PBXBuildFile; fileRef = CD0645A91EB3AA78007FBF06 /* framework.json */; };
		CD0645AC1EB3AA78007FBF06 /* Localizable.xlsx in Resources */ = {isa = PBXBuildFile; fileRef = CD0645AA1EB3AA78007FBF06 /* Localizable.xlsx */; };
		CD2E9F2C1E7BBE7400C57CA6 /* UIViewController+AXExtension.h in Headers */ = {isa = PBXBuildFile; fileRef = CD2E9F2A1E7BBE7400C57CA6 /* UIViewController+AXExtension.h */; settings = {ATTRIBUTES = (Public, ); }; };
		CD2E9F2D1E7BBE7400C57CA6 /* UIViewController+AXExtension.m in Sources */ = {isa = PBXBuildFile; fileRef = CD2E9F2B1E7BBE7400C57CA6 /* UIViewController+AXExtension.m */; };
		CD36EE7F1E7BAE31001C0C47 /* NSUserDefaults+AXWrapper.h in Headers */ = {isa = PBXBuildFile; fileRef = CD36EE7D1E7BAE31001C0C47 /* NSUserDefaults+AXWrapper.h */; settings = {ATTRIBUTES = (Public, ); }; };
		CD36EE801E7BAE31001C0C47 /* NSUserDefaults+AXWrapper.m in Sources */ = {isa = PBXBuildFile; fileRef = CD36EE7E1E7BAE31001C0C47 /* NSUserDefaults+AXWrapper.m */; };
		CD6C676A1EB9F2BC00B57279 /* DemoWebVC.m in Sources */ = {isa = PBXBuildFile; fileRef = CD6C67691EB9F2BC00B57279 /* DemoWebVC.m */; };
		CD77FE6F1EBEE9C2001A5787 /* TestVC1.m in Sources */ = {isa = PBXBuildFile; fileRef = CD77FE6E1EBEE9C2001A5787 /* TestVC1.m */; };
		CD77FE721EBEE9C9001A5787 /* TestVC2.m in Sources */ = {isa = PBXBuildFile; fileRef = CD77FE711EBEE9C9001A5787 /* TestVC2.m */; };
		CD77FE751EBEE9D0001A5787 /* TestVC3.m in Sources */ = {isa = PBXBuildFile; fileRef = CD77FE741EBEE9D0001A5787 /* TestVC3.m */; };
		CD77FE781EBEF095001A5787 /* PopView.m in Sources */ = {isa = PBXBuildFile; fileRef = CD77FE771EBEF095001A5787 /* PopView.m */; };
		CD77FE7A1EBEF09D001A5787 /* PopView.xib in Resources */ = {isa = PBXBuildFile; fileRef = CD77FE791EBEF09D001A5787 /* PopView.xib */; };
		CD77FE7D1EBEF7EC001A5787 /* Foundation+AXRandomExtension.h in Headers */ = {isa = PBXBuildFile; fileRef = CD77FE7B1EBEF7EC001A5787 /* Foundation+AXRandomExtension.h */; settings = {ATTRIBUTES = (Public, ); }; };
		CD77FE7E1EBEF7EC001A5787 /* Foundation+AXRandomExtension.m in Sources */ = {isa = PBXBuildFile; fileRef = CD77FE7C1EBEF7EC001A5787 /* Foundation+AXRandomExtension.m */; };
		CD77FE811EBEF8DF001A5787 /* Foundation+AXRangeExtension.h in Headers */ = {isa = PBXBuildFile; fileRef = CD77FE7F1EBEF8DF001A5787 /* Foundation+AXRangeExtension.h */; settings = {ATTRIBUTES = (Public, ); }; };
		CD77FE821EBEF8DF001A5787 /* Foundation+AXRangeExtension.m in Sources */ = {isa = PBXBuildFile; fileRef = CD77FE801EBEF8DF001A5787 /* Foundation+AXRangeExtension.m */; };
		CD77FE851EBF2971001A5787 /* NSOperation+AXExtension.h in Headers */ = {isa = PBXBuildFile; fileRef = CD77FE831EBF2971001A5787 /* NSOperation+AXExtension.h */; settings = {ATTRIBUTES = (Public, ); }; };
		CD77FE861EBF2971001A5787 /* NSOperation+AXExtension.m in Sources */ = {isa = PBXBuildFile; fileRef = CD77FE841EBF2971001A5787 /* NSOperation+AXExtension.m */; };
		CDAB58DF1E6BF2160017CA1E /* CALayer+AXChainedWrapper.h in Headers */ = {isa = PBXBuildFile; fileRef = CDAB58DD1E6BF2160017CA1E /* CALayer+AXChainedWrapper.h */; settings = {ATTRIBUTES = (Public, ); }; };
		CDAB58E01E6BF2160017CA1E /* CALayer+AXChainedWrapper.m in Sources */ = {isa = PBXBuildFile; fileRef = CDAB58DE1E6BF2160017CA1E /* CALayer+AXChainedWrapper.m */; };
		CDAB58E31E6BF3220017CA1E /* Foundation+AXLogExtension.h in Headers */ = {isa = PBXBuildFile; fileRef = CDAB58E11E6BF3220017CA1E /* Foundation+AXLogExtension.h */; settings = {ATTRIBUTES = (Public, ); }; };
		CDAB58E41E6BF3220017CA1E /* Foundation+AXLogExtension.m in Sources */ = {isa = PBXBuildFile; fileRef = CDAB58E21E6BF3220017CA1E /* Foundation+AXLogExtension.m */; };
		CDAB58E71E6BF37E0017CA1E /* CoreGraphics+AXExtension.h in Headers */ = {isa = PBXBuildFile; fileRef = CDAB58E51E6BF37E0017CA1E /* CoreGraphics+AXExtension.h */; settings = {ATTRIBUTES = (Public, ); }; };
		CDAB58E81E6BF37E0017CA1E /* CoreGraphics+AXExtension.m in Sources */ = {isa = PBXBuildFile; fileRef = CDAB58E61E6BF37E0017CA1E /* CoreGraphics+AXExtension.m */; };
		CDAB58EB1E6BF4EC0017CA1E /* NSObject+AXBlockWrapper.h in Headers */ = {isa = PBXBuildFile; fileRef = CDAB58E91E6BF4EC0017CA1E /* NSObject+AXBlockWrapper.h */; settings = {ATTRIBUTES = (Public, ); }; };
		CDAB58EC1E6BF4EC0017CA1E /* NSObject+AXBlockWrapper.m in Sources */ = {isa = PBXBuildFile; fileRef = CDAB58EA1E6BF4EC0017CA1E /* NSObject+AXBlockWrapper.m */; };
		CDAB58EF1E6BF5A20017CA1E /* NSString+AXExtension.h in Headers */ = {isa = PBXBuildFile; fileRef = CDAB58ED1E6BF5A20017CA1E /* NSString+AXExtension.h */; settings = {ATTRIBUTES = (Public, ); }; };
		CDAB58F01E6BF5A20017CA1E /* NSString+AXExtension.m in Sources */ = {isa = PBXBuildFile; fileRef = CDAB58EE1E6BF5A20017CA1E /* NSString+AXExtension.m */; };
		CDAB58F31E6BF6CA0017CA1E /* NSString+AXFileStreamChainedWrapper.h in Headers */ = {isa = PBXBuildFile; fileRef = CDAB58F11E6BF6CA0017CA1E /* NSString+AXFileStreamChainedWrapper.h */; settings = {ATTRIBUTES = (Public, ); }; };
		CDAB58F41E6BF6CA0017CA1E /* NSString+AXFileStreamChainedWrapper.m in Sources */ = {isa = PBXBuildFile; fileRef = CDAB58F21E6BF6CA0017CA1E /* NSString+AXFileStreamChainedWrapper.m */; };
		CDAB58F71E6BF77E0017CA1E /* NSTimer+AXBlockWrapper.h in Headers */ = {isa = PBXBuildFile; fileRef = CDAB58F51E6BF77E0017CA1E /* NSTimer+AXBlockWrapper.h */; settings = {ATTRIBUTES = (Public, ); }; };
		CDAB58F81E6BF77E0017CA1E /* NSTimer+AXBlockWrapper.m in Sources */ = {isa = PBXBuildFile; fileRef = CDAB58F61E6BF77E0017CA1E /* NSTimer+AXBlockWrapper.m */; };
		CDAB58FB1E6BF7E50017CA1E /* CIImage+AXScaleExtension.h in Headers */ = {isa = PBXBuildFile; fileRef = CDAB58F91E6BF7E50017CA1E /* CIImage+AXScaleExtension.h */; settings = {ATTRIBUTES = (Public, ); }; };
		CDAB58FC1E6BF7E50017CA1E /* CIImage+AXScaleExtension.m in Sources */ = {isa = PBXBuildFile; fileRef = CDAB58FA1E6BF7E50017CA1E /* CIImage+AXScaleExtension.m */; };
		CDAB58FF1E6BF8620017CA1E /* Foundation+AXEventTarget.h in Headers */ = {isa = PBXBuildFile; fileRef = CDAB58FD1E6BF8620017CA1E /* Foundation+AXEventTarget.h */; settings = {ATTRIBUTES = (Public, ); }; };
		CDAB59001E6BF8620017CA1E /* Foundation+AXEventTarget.m in Sources */ = {isa = PBXBuildFile; fileRef = CDAB58FE1E6BF8620017CA1E /* Foundation+AXEventTarget.m */; };
		CDAB59031E6BF8B70017CA1E /* UIBarButtonItem+AXBlockWrapper.h in Headers */ = {isa = PBXBuildFile; fileRef = CDAB59011E6BF8B70017CA1E /* UIBarButtonItem+AXBlockWrapper.h */; settings = {ATTRIBUTES = (Public, ); }; };
		CDAB59041E6BF8B70017CA1E /* UIBarButtonItem+AXBlockWrapper.m in Sources */ = {isa = PBXBuildFile; fileRef = CDAB59021E6BF8B70017CA1E /* UIBarButtonItem+AXBlockWrapper.m */; };
		CDAB59071E6BF92F0017CA1E /* UIColor+AXColorPack.h in Headers */ = {isa = PBXBuildFile; fileRef = CDAB59051E6BF92F0017CA1E /* UIColor+AXColorPack.h */; settings = {ATTRIBUTES = (Public, ); }; };
		CDAB59081E6BF92F0017CA1E /* UIColor+AXColorPack.m in Sources */ = {isa = PBXBuildFile; fileRef = CDAB59061E6BF92F0017CA1E /* UIColor+AXColorPack.m */; };
		CDAB590B1E6BF96B0017CA1E /* UIColor+AXExtension.h in Headers */ = {isa = PBXBuildFile; fileRef = CDAB59091E6BF96A0017CA1E /* UIColor+AXExtension.h */; settings = {ATTRIBUTES = (Public, ); }; };
		CDAB590C1E6BF96B0017CA1E /* UIColor+AXExtension.m in Sources */ = {isa = PBXBuildFile; fileRef = CDAB590A1E6BF96B0017CA1E /* UIColor+AXExtension.m */; };
		CDAB590F1E6BF9B90017CA1E /* UIColor+MDColorPack.h in Headers */ = {isa = PBXBuildFile; fileRef = CDAB590D1E6BF9B90017CA1E /* UIColor+MDColorPack.h */; settings = {ATTRIBUTES = (Public, ); }; };
		CDAB59101E6BF9B90017CA1E /* UIColor+MDColorPack.m in Sources */ = {isa = PBXBuildFile; fileRef = CDAB590E1E6BF9B90017CA1E /* UIColor+MDColorPack.m */; };
		CDAB59131E6BF9FE0017CA1E /* UIColorManager.h in Headers */ = {isa = PBXBuildFile; fileRef = CDAB59111E6BF9FE0017CA1E /* UIColorManager.h */; settings = {ATTRIBUTES = (Public, ); }; };
		CDAB59141E6BF9FE0017CA1E /* UIColorManager.m in Sources */ = {isa = PBXBuildFile; fileRef = CDAB59121E6BF9FE0017CA1E /* UIColorManager.m */; };
		CDAB59171E6BFAA90017CA1E /* UIControl+AXBlockWrapper.h in Headers */ = {isa = PBXBuildFile; fileRef = CDAB59151E6BFAA90017CA1E /* UIControl+AXBlockWrapper.h */; settings = {ATTRIBUTES = (Public, ); }; };
		CDAB59181E6BFAA90017CA1E /* UIControl+AXBlockWrapper.m in Sources */ = {isa = PBXBuildFile; fileRef = CDAB59161E6BFAA90017CA1E /* UIControl+AXBlockWrapper.m */; };
		CDAB591B1E6BFB9A0017CA1E /* UIFont+AXWrapper.h in Headers */ = {isa = PBXBuildFile; fileRef = CDAB59191E6BFB9A0017CA1E /* UIFont+AXWrapper.h */; settings = {ATTRIBUTES = (Public, ); }; };
		CDAB591C1E6BFB9A0017CA1E /* UIFont+AXWrapper.m in Sources */ = {isa = PBXBuildFile; fileRef = CDAB591A1E6BFB9A0017CA1E /* UIFont+AXWrapper.m */; };
		CDAB591F1E6BFBCE0017CA1E /* UIImage+AXExtension.h in Headers */ = {isa = PBXBuildFile; fileRef = CDAB591D1E6BFBCE0017CA1E /* UIImage+AXExtension.h */; settings = {ATTRIBUTES = (Public, ); }; };
		CDAB59201E6BFBCE0017CA1E /* UIImage+AXExtension.m in Sources */ = {isa = PBXBuildFile; fileRef = CDAB591E1E6BFBCE0017CA1E /* UIImage+AXExtension.m */; };
		CDAB59231E6BFC2F0017CA1E /* UIImageView+AXGetColor.h in Headers */ = {isa = PBXBuildFile; fileRef = CDAB59211E6BFC2F0017CA1E /* UIImageView+AXGetColor.h */; settings = {ATTRIBUTES = (Public, ); }; };
		CDAB59241E6BFC2F0017CA1E /* UIImageView+AXGetColor.m in Sources */ = {isa = PBXBuildFile; fileRef = CDAB59221E6BFC2F0017CA1E /* UIImageView+AXGetColor.m */; };
		CDAB59271E6BFC730017CA1E /* UITextField+AXExtension.h in Headers */ = {isa = PBXBuildFile; fileRef = CDAB59251E6BFC730017CA1E /* UITextField+AXExtension.h */; settings = {ATTRIBUTES = (Public, ); }; };
		CDAB59281E6BFC730017CA1E /* UITextField+AXExtension.m in Sources */ = {isa = PBXBuildFile; fileRef = CDAB59261E6BFC730017CA1E /* UITextField+AXExtension.m */; };
		CDAB592B1E6BFD050017CA1E /* UITextView+AXExtension.h in Headers */ = {isa = PBXBuildFile; fileRef = CDAB59291E6BFD050017CA1E /* UITextView+AXExtension.h */; settings = {ATTRIBUTES = (Public, ); }; };
		CDAB592C1E6BFD050017CA1E /* UITextView+AXExtension.m in Sources */ = {isa = PBXBuildFile; fileRef = CDAB592A1E6BFD050017CA1E /* UITextView+AXExtension.m */; };
		CDAB59331E6BFDD60017CA1E /* UIView+AXAnimatedWrapper.h in Headers */ = {isa = PBXBuildFile; fileRef = CDAB59311E6BFDD60017CA1E /* UIView+AXAnimatedWrapper.h */; settings = {ATTRIBUTES = (Public, ); }; };
		CDAB59341E6BFDD60017CA1E /* UIView+AXAnimatedWrapper.m in Sources */ = {isa = PBXBuildFile; fileRef = CDAB59321E6BFDD60017CA1E /* UIView+AXAnimatedWrapper.m */; };
		CDAB59371E6BFE170017CA1E /* UIView+AXExtension.h in Headers */ = {isa = PBXBuildFile; fileRef = CDAB59351E6BFE170017CA1E /* UIView+AXExtension.h */; settings = {ATTRIBUTES = (Public, ); }; };
		CDAB59381E6BFE170017CA1E /* UIView+AXExtension.m in Sources */ = {isa = PBXBuildFile; fileRef = CDAB59361E6BFE170017CA1E /* UIView+AXExtension.m */; };
		CDAB593B1E6BFE700017CA1E /* UIView+AXFrameWrapper.h in Headers */ = {isa = PBXBuildFile; fileRef = CDAB59391E6BFE700017CA1E /* UIView+AXFrameWrapper.h */; settings = {ATTRIBUTES = (Public, ); }; };
		CDAB593C1E6BFE700017CA1E /* UIView+AXFrameWrapper.m in Sources */ = {isa = PBXBuildFile; fileRef = CDAB593A1E6BFE700017CA1E /* UIView+AXFrameWrapper.m */; };
		CDAB593F1E6BFEAC0017CA1E /* UIView+AXGestureExtension.h in Headers */ = {isa = PBXBuildFile; fileRef = CDAB593D1E6BFEAC0017CA1E /* UIView+AXGestureExtension.h */; settings = {ATTRIBUTES = (Public, ); }; };
		CDAB59401E6BFEAC0017CA1E /* UIView+AXGestureExtension.m in Sources */ = {isa = PBXBuildFile; fileRef = CDAB593E1E6BFEAC0017CA1E /* UIView+AXGestureExtension.m */; };
		CDAB59431E6BFF9C0017CA1E /* Foundation+AXMacros.h in Headers */ = {isa = PBXBuildFile; fileRef = CDAB59411E6BFF9C0017CA1E /* Foundation+AXMacros.h */; settings = {ATTRIBUTES = (Public, ); }; };
		CDBB39B71EB9D74E00E8ED25 /* DemoConst.m in Sources */ = {isa = PBXBuildFile; fileRef = CDBB39B41EB9D74E00E8ED25 /* DemoConst.m */; };
		CDBB39B81EB9D74E00E8ED25 /* DemoMarcos.m in Sources */ = {isa = PBXBuildFile; fileRef = CDBB39B61EB9D74E00E8ED25 /* DemoMarcos.m */; };
		CDBB39C61EB9D96B00E8ED25 /* AXLogVC.m in Sources */ = {isa = PBXBuildFile; fileRef = CDBB39BD1EB9D96B00E8ED25 /* AXLogVC.m */; };
		CDBB39C71EB9D96B00E8ED25 /* AXLogVC.xib in Resources */ = {isa = PBXBuildFile; fileRef = CDBB39BE1EB9D96B00E8ED25 /* AXLogVC.xib */; };
		CDBB39C81EB9D96B00E8ED25 /* HomeVC.m in Sources */ = {isa = PBXBuildFile; fileRef = CDBB39C01EB9D96B00E8ED25 /* HomeVC.m */; };
		CDBB39C91EB9D96B00E8ED25 /* HomeVC.xib in Resources */ = {isa = PBXBuildFile; fileRef = CDBB39C11EB9D96B00E8ED25 /* HomeVC.xib */; };
		CDBB39CA1EB9D96B00E8ED25 /* SettingVC.m in Sources */ = {isa = PBXBuildFile; fileRef = CDBB39C41EB9D96B00E8ED25 /* SettingVC.m */; };
		CDBB39CB1EB9D96B00E8ED25 /* SettingVC.xib in Resources */ = {isa = PBXBuildFile; fileRef = CDBB39C51EB9D96B00E8ED25 /* SettingVC.xib */; };
		CDBB39D61EB9DD1400E8ED25 /* BlogVC.m in Sources */ = {isa = PBXBuildFile; fileRef = CDBB39D41EB9DD1400E8ED25 /* BlogVC.m */; };
		CDBB39D71EB9DD1400E8ED25 /* BlogVC.xib in Resources */ = {isa = PBXBuildFile; fileRef = CDBB39D51EB9DD1400E8ED25 /* BlogVC.xib */; };
		CDBB3B021EB9DF7A00E8ED25 /* DemoTableModel.m in Sources */ = {isa = PBXBuildFile; fileRef = CDBB3B011EB9DF7A00E8ED25 /* DemoTableModel.m */; };
		CDBB3B051EB9DFAD00E8ED25 /* DemoTableView.m in Sources */ = {isa = PBXBuildFile; fileRef = CDBB3B041EB9DFAD00E8ED25 /* DemoTableView.m */; };
		CDBB3B091EB9E01000E8ED25 /* DemoTableViewCell.m in Sources */ = {isa = PBXBuildFile; fileRef = CDBB3B071EB9E01000E8ED25 /* DemoTableViewCell.m */; };
		CDBB3B0A1EB9E01000E8ED25 /* DemoTableViewCell.xib in Resources */ = {isa = PBXBuildFile; fileRef = CDBB3B081EB9E01000E8ED25 /* DemoTableViewCell.xib */; };
		CDBB3B0C1EB9E17500E8ED25 /* SettingTableView.plist in Resources */ = {isa = PBXBuildFile; fileRef = CDBB3B0B1EB9E17500E8ED25 /* SettingTableView.plist */; };
		CDBB3B0F1EB9E19D00E8ED25 /* SettingTableView.m in Sources */ = {isa = PBXBuildFile; fileRef = CDBB3B0E1EB9E19D00E8ED25 /* SettingTableView.m */; };
		CDBB3B261EB9E80F00E8ED25 /* MJExtensionConst.m in Sources */ = {isa = PBXBuildFile; fileRef = CDBB3B131EB9E80F00E8ED25 /* MJExtensionConst.m */; };
		CDBB3B271EB9E80F00E8ED25 /* MJFoundation.m in Sources */ = {isa = PBXBuildFile; fileRef = CDBB3B151EB9E80F00E8ED25 /* MJFoundation.m */; };
		CDBB3B281EB9E80F00E8ED25 /* MJProperty.m in Sources */ = {isa = PBXBuildFile; fileRef = CDBB3B171EB9E80F00E8ED25 /* MJProperty.m */; };
		CDBB3B291EB9E80F00E8ED25 /* MJPropertyKey.m in Sources */ = {isa = PBXBuildFile; fileRef = CDBB3B191EB9E80F00E8ED25 /* MJPropertyKey.m */; };
		CDBB3B2A1EB9E80F00E8ED25 /* MJPropertyType.m in Sources */ = {isa = PBXBuildFile; fileRef = CDBB3B1B1EB9E80F00E8ED25 /* MJPropertyType.m */; };
		CDBB3B2B1EB9E80F00E8ED25 /* NSObject+MJClass.m in Sources */ = {isa = PBXBuildFile; fileRef = CDBB3B1D1EB9E80F00E8ED25 /* NSObject+MJClass.m */; };
		CDBB3B2C1EB9E80F00E8ED25 /* NSObject+MJCoding.m in Sources */ = {isa = PBXBuildFile; fileRef = CDBB3B1F1EB9E80F00E8ED25 /* NSObject+MJCoding.m */; };
		CDBB3B2D1EB9E80F00E8ED25 /* NSObject+MJKeyValue.m in Sources */ = {isa = PBXBuildFile; fileRef = CDBB3B211EB9E80F00E8ED25 /* NSObject+MJKeyValue.m */; };
		CDBB3B2E1EB9E80F00E8ED25 /* NSObject+MJProperty.m in Sources */ = {isa = PBXBuildFile; fileRef = CDBB3B231EB9E80F00E8ED25 /* NSObject+MJProperty.m */; };
		CDBB3B2F1EB9E80F00E8ED25 /* NSString+MJExtension.m in Sources */ = {isa = PBXBuildFile; fileRef = CDBB3B251EB9E80F00E8ED25 /* NSString+MJExtension.m */; };
		CDCF31121EBB11A4005AC6CD /* NSURL+AXExtension.h in Headers */ = {isa = PBXBuildFile; fileRef = CDCF31101EBB11A4005AC6CD /* NSURL+AXExtension.h */; settings = {ATTRIBUTES = (Public, ); }; };
		CDCF31131EBB11A4005AC6CD /* NSURL+AXExtension.m in Sources */ = {isa = PBXBuildFile; fileRef = CDCF31111EBB11A4005AC6CD /* NSURL+AXExtension.m */; };
		CDD7A06C1EA066000068FDBF /* UIResponder+AXExtension.h in Headers */ = {isa = PBXBuildFile; fileRef = CDD7A06A1EA066000068FDBF /* UIResponder+AXExtension.h */; settings = {ATTRIBUTES = (Public, ); }; };
		CDD7A06D1EA066000068FDBF /* UIResponder+AXExtension.m in Sources */ = {isa = PBXBuildFile; fileRef = CDD7A06B1EA066000068FDBF /* UIResponder+AXExtension.m */; };
		CDD7A0701EA06A560068FDBF /* UINavigationController+AXExtension.h in Headers */ = {isa = PBXBuildFile; fileRef = CDD7A06E1EA06A560068FDBF /* UINavigationController+AXExtension.h */; settings = {ATTRIBUTES = (Public, ); }; };
		CDD7A0711EA06A560068FDBF /* UINavigationController+AXExtension.m in Sources */ = {isa = PBXBuildFile; fileRef = CDD7A06F1EA06A560068FDBF /* UINavigationController+AXExtension.m */; };
		CDE91FA01EAEE6E000FC5A88 /* NSError+AXExtension.h in Headers */ = {isa = PBXBuildFile; fileRef = CDE91F9E1EAEE6E000FC5A88 /* NSError+AXExtension.h */; settings = {ATTRIBUTES = (Public, ); }; };
		CDE91FA11EAEE6E000FC5A88 /* NSError+AXExtension.m in Sources */ = {isa = PBXBuildFile; fileRef = CDE91F9F1EAEE6E000FC5A88 /* NSError+AXExtension.m */; };
		CDE91FC11EAF478700FC5A88 /* NSBundle+AXExtension.h in Headers */ = {isa = PBXBuildFile; fileRef = CDE91FBF1EAF478700FC5A88 /* NSBundle+AXExtension.h */; settings = {ATTRIBUTES = (Public, ); }; };
		CDE91FC21EAF478700FC5A88 /* NSBundle+AXExtension.m in Sources */ = {isa = PBXBuildFile; fileRef = CDE91FC01EAF478700FC5A88 /* NSBundle+AXExtension.m */; };
		CDF18CCA1EB884F1004B4794 /* TabBarControllers.plist in Resources */ = {isa = PBXBuildFile; fileRef = CDF18CB81EB884F1004B4794 /* TabBarControllers.plist */; };
		CDF18CCB1EB884F1004B4794 /* BaseNavController.m in Sources */ = {isa = PBXBuildFile; fileRef = CDF18CBA1EB884F1004B4794 /* BaseNavController.m */; };
		CDF18CCC1EB884F1004B4794 /* BaseTabBarController.m in Sources */ = {isa = PBXBuildFile; fileRef = CDF18CBC1EB884F1004B4794 /* BaseTabBarController.m */; };
		CDF18CCD1EB884F1004B4794 /* BaseViewController.m in Sources */ = {isa = PBXBuildFile; fileRef = CDF18CBE1EB884F1004B4794 /* BaseViewController.m */; };
		CDF18CCE1EB884F1004B4794 /* RootViewController.m in Sources */ = {isa = PBXBuildFile; fileRef = CDF18CC01EB884F1004B4794 /* RootViewController.m */; };
		CDF18CE71EB888BE004B4794 /* UITableView+Creator.m in Sources */ = {isa = PBXBuildFile; fileRef = CDF18CE41EB888BE004B4794 /* UITableView+Creator.m */; };
		CDF18CE81EB888BE004B4794 /* UIViewController+AXExtension.m in Sources */ = {isa = PBXBuildFile; fileRef = CDF18CE61EB888BE004B4794 /* UIViewController+AXExtension.m */; };
/* End PBXBuildFile section */

/* Begin PBXContainerItemProxy section */
		8579EF1E1E6BEE4F00C33881 /* PBXContainerItemProxy */ = {
			isa = PBXContainerItemProxy;
			containerPortal = 8579EEF21E6BEDF900C33881 /* Project object */;
			proxyType = 1;
			remoteGlobalIDString = 8579EF181E6BEE4F00C33881;
			remoteInfo = AXKit;
		};
/* End PBXContainerItemProxy section */

/* Begin PBXCopyFilesBuildPhase section */
		8579EF251E6BEE4F00C33881 /* Embed Frameworks */ = {
			isa = PBXCopyFilesBuildPhase;
			buildActionMask = 2147483647;
			dstPath = "";
			dstSubfolderSpec = 10;
			files = (
				8579EF211E6BEE4F00C33881 /* AXKit.framework in Embed Frameworks */,
			);
			name = "Embed Frameworks";
			runOnlyForDeploymentPostprocessing = 0;
		};
/* End PBXCopyFilesBuildPhase section */

/* Begin PBXFileReference section */
		8579EEFA1E6BEDF900C33881 /* AXKitDemo.app */ = {isa = PBXFileReference; explicitFileType = wrapper.application; includeInIndex = 0; path = AXKitDemo.app; sourceTree = BUILT_PRODUCTS_DIR; };
		8579EEFE1E6BEDF900C33881 /* main.m */ = {isa = PBXFileReference; lastKnownFileType = sourcecode.c.objc; path = main.m; sourceTree = "<group>"; };
		8579EF001E6BEDF900C33881 /* AppDelegate.h */ = {isa = PBXFileReference; lastKnownFileType = sourcecode.c.h; path = AppDelegate.h; sourceTree = "<group>"; };
		8579EF011E6BEDF900C33881 /* AppDelegate.m */ = {isa = PBXFileReference; lastKnownFileType = sourcecode.c.objc; path = AppDelegate.m; sourceTree = "<group>"; };
		8579EF071E6BEDF900C33881 /* Base */ = {isa = PBXFileReference; lastKnownFileType = file.storyboard; name = Base; path = Base.lproj/Main.storyboard; sourceTree = "<group>"; };
		8579EF091E6BEDF900C33881 /* Assets.xcassets */ = {isa = PBXFileReference; lastKnownFileType = folder.assetcatalog; path = Assets.xcassets; sourceTree = "<group>"; };
		8579EF0C1E6BEDF900C33881 /* Base */ = {isa = PBXFileReference; lastKnownFileType = file.storyboard; name = Base; path = Base.lproj/LaunchScreen.storyboard; sourceTree = "<group>"; };
		8579EF0E1E6BEDF900C33881 /* Info.plist */ = {isa = PBXFileReference; lastKnownFileType = text.plist.xml; path = Info.plist; sourceTree = "<group>"; };
		8579EF191E6BEE4F00C33881 /* AXKit.framework */ = {isa = PBXFileReference; explicitFileType = wrapper.framework; includeInIndex = 0; path = AXKit.framework; sourceTree = BUILT_PRODUCTS_DIR; };
		8579EF1B1E6BEE4F00C33881 /* AXKit.h */ = {isa = PBXFileReference; lastKnownFileType = sourcecode.c.h; path = AXKit.h; sourceTree = "<group>"; };
		8579EF1C1E6BEE4F00C33881 /* Info.plist */ = {isa = PBXFileReference; lastKnownFileType = text.plist.xml; path = Info.plist; sourceTree = "<group>"; };
		CD004D181EB2128C00ACC0B8 /* UIImageView+AXExtension.h */ = {isa = PBXFileReference; fileEncoding = 4; lastKnownFileType = sourcecode.c.h; path = "UIImageView+AXExtension.h"; sourceTree = "<group>"; };
		CD004D191EB2128C00ACC0B8 /* UIImageView+AXExtension.m */ = {isa = PBXFileReference; fileEncoding = 4; lastKnownFileType = sourcecode.c.objc; path = "UIImageView+AXExtension.m"; sourceTree = "<group>"; };
		CD0645A01EB3A39B007FBF06 /* en */ = {isa = PBXFileReference; lastKnownFileType = text.plist.strings; name = en; path = en.lproj/Main.strings; sourceTree = "<group>"; };
		CD0645A41EB3A3DF007FBF06 /* Base */ = {isa = PBXFileReference; lastKnownFileType = text.plist.strings; name = Base; path = Base.lproj/Localizable.strings; sourceTree = "<group>"; };
		CD0645A61EB3A3E3007FBF06 /* en */ = {isa = PBXFileReference; lastKnownFileType = text.plist.strings; name = en; path = en.lproj/Localizable.strings; sourceTree = "<group>"; };
		CD0645A71EB3A3E4007FBF06 /* zh-Hans */ = {isa = PBXFileReference; lastKnownFileType = text.plist.strings; name = "zh-Hans"; path = "zh-Hans.lproj/Localizable.strings"; sourceTree = "<group>"; };
		CD0645A91EB3AA78007FBF06 /* framework.json */ = {isa = PBXFileReference; fileEncoding = 4; lastKnownFileType = text.json; path = framework.json; sourceTree = "<group>"; };
		CD0645AA1EB3AA78007FBF06 /* Localizable.xlsx */ = {isa = PBXFileReference; lastKnownFileType = file; path = Localizable.xlsx; sourceTree = "<group>"; };
		CD0645C71EB3AC96007FBF06 /* PrefixHeader.pch */ = {isa = PBXFileReference; lastKnownFileType = sourcecode.c.h; path = PrefixHeader.pch; sourceTree = "<group>"; };
		CD2E9F2A1E7BBE7400C57CA6 /* UIViewController+AXExtension.h */ = {isa = PBXFileReference; fileEncoding = 4; lastKnownFileType = sourcecode.c.h; path = "UIViewController+AXExtension.h"; sourceTree = "<group>"; };
		CD2E9F2B1E7BBE7400C57CA6 /* UIViewController+AXExtension.m */ = {isa = PBXFileReference; fileEncoding = 4; lastKnownFileType = sourcecode.c.objc; path = "UIViewController+AXExtension.m"; sourceTree = "<group>"; };
		CD36EE7D1E7BAE31001C0C47 /* NSUserDefaults+AXWrapper.h */ = {isa = PBXFileReference; fileEncoding = 4; lastKnownFileType = sourcecode.c.h; path = "NSUserDefaults+AXWrapper.h"; sourceTree = "<group>"; };
		CD36EE7E1E7BAE31001C0C47 /* NSUserDefaults+AXWrapper.m */ = {isa = PBXFileReference; fileEncoding = 4; lastKnownFileType = sourcecode.c.objc; path = "NSUserDefaults+AXWrapper.m"; sourceTree = "<group>"; };
		CD6C67681EB9F2BC00B57279 /* DemoWebVC.h */ = {isa = PBXFileReference; fileEncoding = 4; lastKnownFileType = sourcecode.c.h; path = DemoWebVC.h; sourceTree = "<group>"; };
		CD6C67691EB9F2BC00B57279 /* DemoWebVC.m */ = {isa = PBXFileReference; fileEncoding = 4; lastKnownFileType = sourcecode.c.objc; path = DemoWebVC.m; sourceTree = "<group>"; };
		CD77FE6D1EBEE9C2001A5787 /* TestVC1.h */ = {isa = PBXFileReference; fileEncoding = 4; lastKnownFileType = sourcecode.c.h; path = TestVC1.h; sourceTree = "<group>"; };
		CD77FE6E1EBEE9C2001A5787 /* TestVC1.m */ = {isa = PBXFileReference; fileEncoding = 4; lastKnownFileType = sourcecode.c.objc; path = TestVC1.m; sourceTree = "<group>"; };
		CD77FE701EBEE9C9001A5787 /* TestVC2.h */ = {isa = PBXFileReference; fileEncoding = 4; lastKnownFileType = sourcecode.c.h; path = TestVC2.h; sourceTree = "<group>"; };
		CD77FE711EBEE9C9001A5787 /* TestVC2.m */ = {isa = PBXFileReference; fileEncoding = 4; lastKnownFileType = sourcecode.c.objc; path = TestVC2.m; sourceTree = "<group>"; };
		CD77FE731EBEE9D0001A5787 /* TestVC3.h */ = {isa = PBXFileReference; fileEncoding = 4; lastKnownFileType = sourcecode.c.h; path = TestVC3.h; sourceTree = "<group>"; };
		CD77FE741EBEE9D0001A5787 /* TestVC3.m */ = {isa = PBXFileReference; fileEncoding = 4; lastKnownFileType = sourcecode.c.objc; path = TestVC3.m; sourceTree = "<group>"; };
		CD77FE761EBEF095001A5787 /* PopView.h */ = {isa = PBXFileReference; fileEncoding = 4; lastKnownFileType = sourcecode.c.h; path = PopView.h; sourceTree = "<group>"; };
		CD77FE771EBEF095001A5787 /* PopView.m */ = {isa = PBXFileReference; fileEncoding = 4; lastKnownFileType = sourcecode.c.objc; path = PopView.m; sourceTree = "<group>"; };
		CD77FE791EBEF09D001A5787 /* PopView.xib */ = {isa = PBXFileReference; fileEncoding = 4; lastKnownFileType = file.xib; path = PopView.xib; sourceTree = "<group>"; };
		CD77FE7B1EBEF7EC001A5787 /* Foundation+AXRandomExtension.h */ = {isa = PBXFileReference; fileEncoding = 4; lastKnownFileType = sourcecode.c.h; path = "Foundation+AXRandomExtension.h"; sourceTree = "<group>"; };
		CD77FE7C1EBEF7EC001A5787 /* Foundation+AXRandomExtension.m */ = {isa = PBXFileReference; fileEncoding = 4; lastKnownFileType = sourcecode.c.objc; path = "Foundation+AXRandomExtension.m"; sourceTree = "<group>"; };
		CD77FE7F1EBEF8DF001A5787 /* Foundation+AXRangeExtension.h */ = {isa = PBXFileReference; fileEncoding = 4; lastKnownFileType = sourcecode.c.h; path = "Foundation+AXRangeExtension.h"; sourceTree = "<group>"; };
		CD77FE801EBEF8DF001A5787 /* Foundation+AXRangeExtension.m */ = {isa = PBXFileReference; fileEncoding = 4; lastKnownFileType = sourcecode.c.objc; path = "Foundation+AXRangeExtension.m"; sourceTree = "<group>"; };
		CD77FE831EBF2971001A5787 /* NSOperation+AXExtension.h */ = {isa = PBXFileReference; fileEncoding = 4; lastKnownFileType = sourcecode.c.h; path = "NSOperation+AXExtension.h"; sourceTree = "<group>"; };
		CD77FE841EBF2971001A5787 /* NSOperation+AXExtension.m */ = {isa = PBXFileReference; fileEncoding = 4; lastKnownFileType = sourcecode.c.objc; path = "NSOperation+AXExtension.m"; sourceTree = "<group>"; };
		CDAB58DD1E6BF2160017CA1E /* CALayer+AXChainedWrapper.h */ = {isa = PBXFileReference; fileEncoding = 4; lastKnownFileType = sourcecode.c.h; path = "CALayer+AXChainedWrapper.h"; sourceTree = "<group>"; };
		CDAB58DE1E6BF2160017CA1E /* CALayer+AXChainedWrapper.m */ = {isa = PBXFileReference; fileEncoding = 4; lastKnownFileType = sourcecode.c.objc; path = "CALayer+AXChainedWrapper.m"; sourceTree = "<group>"; };
		CDAB58E11E6BF3220017CA1E /* Foundation+AXLogExtension.h */ = {isa = PBXFileReference; fileEncoding = 4; lastKnownFileType = sourcecode.c.h; path = "Foundation+AXLogExtension.h"; sourceTree = "<group>"; };
		CDAB58E21E6BF3220017CA1E /* Foundation+AXLogExtension.m */ = {isa = PBXFileReference; fileEncoding = 4; lastKnownFileType = sourcecode.c.objc; path = "Foundation+AXLogExtension.m"; sourceTree = "<group>"; };
		CDAB58E51E6BF37E0017CA1E /* CoreGraphics+AXExtension.h */ = {isa = PBXFileReference; fileEncoding = 4; lastKnownFileType = sourcecode.c.h; path = "CoreGraphics+AXExtension.h"; sourceTree = "<group>"; };
		CDAB58E61E6BF37E0017CA1E /* CoreGraphics+AXExtension.m */ = {isa = PBXFileReference; fileEncoding = 4; lastKnownFileType = sourcecode.c.objc; path = "CoreGraphics+AXExtension.m"; sourceTree = "<group>"; };
		CDAB58E91E6BF4EC0017CA1E /* NSObject+AXBlockWrapper.h */ = {isa = PBXFileReference; fileEncoding = 4; lastKnownFileType = sourcecode.c.h; path = "NSObject+AXBlockWrapper.h"; sourceTree = "<group>"; };
		CDAB58EA1E6BF4EC0017CA1E /* NSObject+AXBlockWrapper.m */ = {isa = PBXFileReference; fileEncoding = 4; lastKnownFileType = sourcecode.c.objc; path = "NSObject+AXBlockWrapper.m"; sourceTree = "<group>"; };
		CDAB58ED1E6BF5A20017CA1E /* NSString+AXExtension.h */ = {isa = PBXFileReference; fileEncoding = 4; lastKnownFileType = sourcecode.c.h; path = "NSString+AXExtension.h"; sourceTree = "<group>"; };
		CDAB58EE1E6BF5A20017CA1E /* NSString+AXExtension.m */ = {isa = PBXFileReference; fileEncoding = 4; lastKnownFileType = sourcecode.c.objc; path = "NSString+AXExtension.m"; sourceTree = "<group>"; };
		CDAB58F11E6BF6CA0017CA1E /* NSString+AXFileStreamChainedWrapper.h */ = {isa = PBXFileReference; fileEncoding = 4; lastKnownFileType = sourcecode.c.h; path = "NSString+AXFileStreamChainedWrapper.h"; sourceTree = "<group>"; };
		CDAB58F21E6BF6CA0017CA1E /* NSString+AXFileStreamChainedWrapper.m */ = {isa = PBXFileReference; fileEncoding = 4; lastKnownFileType = sourcecode.c.objc; path = "NSString+AXFileStreamChainedWrapper.m"; sourceTree = "<group>"; };
		CDAB58F51E6BF77E0017CA1E /* NSTimer+AXBlockWrapper.h */ = {isa = PBXFileReference; fileEncoding = 4; lastKnownFileType = sourcecode.c.h; path = "NSTimer+AXBlockWrapper.h"; sourceTree = "<group>"; };
		CDAB58F61E6BF77E0017CA1E /* NSTimer+AXBlockWrapper.m */ = {isa = PBXFileReference; fileEncoding = 4; lastKnownFileType = sourcecode.c.objc; path = "NSTimer+AXBlockWrapper.m"; sourceTree = "<group>"; };
		CDAB58F91E6BF7E50017CA1E /* CIImage+AXScaleExtension.h */ = {isa = PBXFileReference; fileEncoding = 4; lastKnownFileType = sourcecode.c.h; path = "CIImage+AXScaleExtension.h"; sourceTree = "<group>"; };
		CDAB58FA1E6BF7E50017CA1E /* CIImage+AXScaleExtension.m */ = {isa = PBXFileReference; fileEncoding = 4; lastKnownFileType = sourcecode.c.objc; path = "CIImage+AXScaleExtension.m"; sourceTree = "<group>"; };
		CDAB58FD1E6BF8620017CA1E /* Foundation+AXEventTarget.h */ = {isa = PBXFileReference; fileEncoding = 4; lastKnownFileType = sourcecode.c.h; path = "Foundation+AXEventTarget.h"; sourceTree = "<group>"; };
		CDAB58FE1E6BF8620017CA1E /* Foundation+AXEventTarget.m */ = {isa = PBXFileReference; fileEncoding = 4; lastKnownFileType = sourcecode.c.objc; path = "Foundation+AXEventTarget.m"; sourceTree = "<group>"; };
		CDAB59011E6BF8B70017CA1E /* UIBarButtonItem+AXBlockWrapper.h */ = {isa = PBXFileReference; fileEncoding = 4; lastKnownFileType = sourcecode.c.h; path = "UIBarButtonItem+AXBlockWrapper.h"; sourceTree = "<group>"; };
		CDAB59021E6BF8B70017CA1E /* UIBarButtonItem+AXBlockWrapper.m */ = {isa = PBXFileReference; fileEncoding = 4; lastKnownFileType = sourcecode.c.objc; path = "UIBarButtonItem+AXBlockWrapper.m"; sourceTree = "<group>"; };
		CDAB59051E6BF92F0017CA1E /* UIColor+AXColorPack.h */ = {isa = PBXFileReference; fileEncoding = 4; lastKnownFileType = sourcecode.c.h; path = "UIColor+AXColorPack.h"; sourceTree = "<group>"; };
		CDAB59061E6BF92F0017CA1E /* UIColor+AXColorPack.m */ = {isa = PBXFileReference; fileEncoding = 4; lastKnownFileType = sourcecode.c.objc; path = "UIColor+AXColorPack.m"; sourceTree = "<group>"; };
		CDAB59091E6BF96A0017CA1E /* UIColor+AXExtension.h */ = {isa = PBXFileReference; fileEncoding = 4; lastKnownFileType = sourcecode.c.h; path = "UIColor+AXExtension.h"; sourceTree = "<group>"; };
		CDAB590A1E6BF96B0017CA1E /* UIColor+AXExtension.m */ = {isa = PBXFileReference; fileEncoding = 4; lastKnownFileType = sourcecode.c.objc; path = "UIColor+AXExtension.m"; sourceTree = "<group>"; };
		CDAB590D1E6BF9B90017CA1E /* UIColor+MDColorPack.h */ = {isa = PBXFileReference; fileEncoding = 4; lastKnownFileType = sourcecode.c.h; path = "UIColor+MDColorPack.h"; sourceTree = "<group>"; };
		CDAB590E1E6BF9B90017CA1E /* UIColor+MDColorPack.m */ = {isa = PBXFileReference; fileEncoding = 4; lastKnownFileType = sourcecode.c.objc; path = "UIColor+MDColorPack.m"; sourceTree = "<group>"; };
		CDAB59111E6BF9FE0017CA1E /* UIColorManager.h */ = {isa = PBXFileReference; fileEncoding = 4; lastKnownFileType = sourcecode.c.h; path = UIColorManager.h; sourceTree = "<group>"; };
		CDAB59121E6BF9FE0017CA1E /* UIColorManager.m */ = {isa = PBXFileReference; fileEncoding = 4; lastKnownFileType = sourcecode.c.objc; path = UIColorManager.m; sourceTree = "<group>"; };
		CDAB59151E6BFAA90017CA1E /* UIControl+AXBlockWrapper.h */ = {isa = PBXFileReference; fileEncoding = 4; lastKnownFileType = sourcecode.c.h; path = "UIControl+AXBlockWrapper.h"; sourceTree = "<group>"; };
		CDAB59161E6BFAA90017CA1E /* UIControl+AXBlockWrapper.m */ = {isa = PBXFileReference; fileEncoding = 4; lastKnownFileType = sourcecode.c.objc; path = "UIControl+AXBlockWrapper.m"; sourceTree = "<group>"; };
		CDAB59191E6BFB9A0017CA1E /* UIFont+AXWrapper.h */ = {isa = PBXFileReference; fileEncoding = 4; lastKnownFileType = sourcecode.c.h; path = "UIFont+AXWrapper.h"; sourceTree = "<group>"; };
		CDAB591A1E6BFB9A0017CA1E /* UIFont+AXWrapper.m */ = {isa = PBXFileReference; fileEncoding = 4; lastKnownFileType = sourcecode.c.objc; path = "UIFont+AXWrapper.m"; sourceTree = "<group>"; };
		CDAB591D1E6BFBCE0017CA1E /* UIImage+AXExtension.h */ = {isa = PBXFileReference; fileEncoding = 4; lastKnownFileType = sourcecode.c.h; path = "UIImage+AXExtension.h"; sourceTree = "<group>"; };
		CDAB591E1E6BFBCE0017CA1E /* UIImage+AXExtension.m */ = {isa = PBXFileReference; fileEncoding = 4; lastKnownFileType = sourcecode.c.objc; path = "UIImage+AXExtension.m"; sourceTree = "<group>"; };
		CDAB59211E6BFC2F0017CA1E /* UIImageView+AXGetColor.h */ = {isa = PBXFileReference; fileEncoding = 4; lastKnownFileType = sourcecode.c.h; path = "UIImageView+AXGetColor.h"; sourceTree = "<group>"; };
		CDAB59221E6BFC2F0017CA1E /* UIImageView+AXGetColor.m */ = {isa = PBXFileReference; fileEncoding = 4; lastKnownFileType = sourcecode.c.objc; path = "UIImageView+AXGetColor.m"; sourceTree = "<group>"; };
		CDAB59251E6BFC730017CA1E /* UITextField+AXExtension.h */ = {isa = PBXFileReference; fileEncoding = 4; lastKnownFileType = sourcecode.c.h; path = "UITextField+AXExtension.h"; sourceTree = "<group>"; };
		CDAB59261E6BFC730017CA1E /* UITextField+AXExtension.m */ = {isa = PBXFileReference; fileEncoding = 4; lastKnownFileType = sourcecode.c.objc; path = "UITextField+AXExtension.m"; sourceTree = "<group>"; };
		CDAB59291E6BFD050017CA1E /* UITextView+AXExtension.h */ = {isa = PBXFileReference; fileEncoding = 4; lastKnownFileType = sourcecode.c.h; path = "UITextView+AXExtension.h"; sourceTree = "<group>"; };
		CDAB592A1E6BFD050017CA1E /* UITextView+AXExtension.m */ = {isa = PBXFileReference; fileEncoding = 4; lastKnownFileType = sourcecode.c.objc; path = "UITextView+AXExtension.m"; sourceTree = "<group>"; };
		CDAB59311E6BFDD60017CA1E /* UIView+AXAnimatedWrapper.h */ = {isa = PBXFileReference; fileEncoding = 4; lastKnownFileType = sourcecode.c.h; path = "UIView+AXAnimatedWrapper.h"; sourceTree = "<group>"; };
		CDAB59321E6BFDD60017CA1E /* UIView+AXAnimatedWrapper.m */ = {isa = PBXFileReference; fileEncoding = 4; lastKnownFileType = sourcecode.c.objc; path = "UIView+AXAnimatedWrapper.m"; sourceTree = "<group>"; };
		CDAB59351E6BFE170017CA1E /* UIView+AXExtension.h */ = {isa = PBXFileReference; fileEncoding = 4; lastKnownFileType = sourcecode.c.h; path = "UIView+AXExtension.h"; sourceTree = "<group>"; };
		CDAB59361E6BFE170017CA1E /* UIView+AXExtension.m */ = {isa = PBXFileReference; fileEncoding = 4; lastKnownFileType = sourcecode.c.objc; path = "UIView+AXExtension.m"; sourceTree = "<group>"; };
		CDAB59391E6BFE700017CA1E /* UIView+AXFrameWrapper.h */ = {isa = PBXFileReference; fileEncoding = 4; lastKnownFileType = sourcecode.c.h; path = "UIView+AXFrameWrapper.h"; sourceTree = "<group>"; };
		CDAB593A1E6BFE700017CA1E /* UIView+AXFrameWrapper.m */ = {isa = PBXFileReference; fileEncoding = 4; lastKnownFileType = sourcecode.c.objc; path = "UIView+AXFrameWrapper.m"; sourceTree = "<group>"; };
		CDAB593D1E6BFEAC0017CA1E /* UIView+AXGestureExtension.h */ = {isa = PBXFileReference; fileEncoding = 4; lastKnownFileType = sourcecode.c.h; path = "UIView+AXGestureExtension.h"; sourceTree = "<group>"; };
		CDAB593E1E6BFEAC0017CA1E /* UIView+AXGestureExtension.m */ = {isa = PBXFileReference; fileEncoding = 4; lastKnownFileType = sourcecode.c.objc; path = "UIView+AXGestureExtension.m"; sourceTree = "<group>"; };
		CDAB59411E6BFF9C0017CA1E /* Foundation+AXMacros.h */ = {isa = PBXFileReference; fileEncoding = 4; lastKnownFileType = sourcecode.c.h; path = "Foundation+AXMacros.h"; sourceTree = "<group>"; };
		CDBB39B31EB9D74E00E8ED25 /* DemoConst.h */ = {isa = PBXFileReference; fileEncoding = 4; lastKnownFileType = sourcecode.c.h; path = DemoConst.h; sourceTree = "<group>"; };
		CDBB39B41EB9D74E00E8ED25 /* DemoConst.m */ = {isa = PBXFileReference; fileEncoding = 4; lastKnownFileType = sourcecode.c.objc; path = DemoConst.m; sourceTree = "<group>"; };
		CDBB39B51EB9D74E00E8ED25 /* DemoMarcos.h */ = {isa = PBXFileReference; fileEncoding = 4; lastKnownFileType = sourcecode.c.h; path = DemoMarcos.h; sourceTree = "<group>"; };
		CDBB39B61EB9D74E00E8ED25 /* DemoMarcos.m */ = {isa = PBXFileReference; fileEncoding = 4; lastKnownFileType = sourcecode.c.objc; path = DemoMarcos.m; sourceTree = "<group>"; };
		CDBB39BC1EB9D96B00E8ED25 /* AXLogVC.h */ = {isa = PBXFileReference; fileEncoding = 4; lastKnownFileType = sourcecode.c.h; path = AXLogVC.h; sourceTree = "<group>"; };
		CDBB39BD1EB9D96B00E8ED25 /* AXLogVC.m */ = {isa = PBXFileReference; fileEncoding = 4; lastKnownFileType = sourcecode.c.objc; path = AXLogVC.m; sourceTree = "<group>"; };
		CDBB39BE1EB9D96B00E8ED25 /* AXLogVC.xib */ = {isa = PBXFileReference; fileEncoding = 4; lastKnownFileType = file.xib; path = AXLogVC.xib; sourceTree = "<group>"; };
		CDBB39BF1EB9D96B00E8ED25 /* HomeVC.h */ = {isa = PBXFileReference; fileEncoding = 4; lastKnownFileType = sourcecode.c.h; path = HomeVC.h; sourceTree = "<group>"; };
		CDBB39C01EB9D96B00E8ED25 /* HomeVC.m */ = {isa = PBXFileReference; fileEncoding = 4; lastKnownFileType = sourcecode.c.objc; path = HomeVC.m; sourceTree = "<group>"; };
		CDBB39C11EB9D96B00E8ED25 /* HomeVC.xib */ = {isa = PBXFileReference; fileEncoding = 4; lastKnownFileType = file.xib; path = HomeVC.xib; sourceTree = "<group>"; };
		CDBB39C31EB9D96B00E8ED25 /* SettingVC.h */ = {isa = PBXFileReference; fileEncoding = 4; lastKnownFileType = sourcecode.c.h; path = SettingVC.h; sourceTree = "<group>"; };
		CDBB39C41EB9D96B00E8ED25 /* SettingVC.m */ = {isa = PBXFileReference; fileEncoding = 4; lastKnownFileType = sourcecode.c.objc; path = SettingVC.m; sourceTree = "<group>"; };
		CDBB39C51EB9D96B00E8ED25 /* SettingVC.xib */ = {isa = PBXFileReference; fileEncoding = 4; lastKnownFileType = file.xib; path = SettingVC.xib; sourceTree = "<group>"; };
		CDBB39D31EB9DD1400E8ED25 /* BlogVC.h */ = {isa = PBXFileReference; fileEncoding = 4; lastKnownFileType = sourcecode.c.h; path = BlogVC.h; sourceTree = "<group>"; };
		CDBB39D41EB9DD1400E8ED25 /* BlogVC.m */ = {isa = PBXFileReference; fileEncoding = 4; lastKnownFileType = sourcecode.c.objc; path = BlogVC.m; sourceTree = "<group>"; };
		CDBB39D51EB9DD1400E8ED25 /* BlogVC.xib */ = {isa = PBXFileReference; fileEncoding = 4; lastKnownFileType = file.xib; path = BlogVC.xib; sourceTree = "<group>"; };
		CDBB3B001EB9DF7A00E8ED25 /* DemoTableModel.h */ = {isa = PBXFileReference; fileEncoding = 4; lastKnownFileType = sourcecode.c.h; path = DemoTableModel.h; sourceTree = "<group>"; };
		CDBB3B011EB9DF7A00E8ED25 /* DemoTableModel.m */ = {isa = PBXFileReference; fileEncoding = 4; lastKnownFileType = sourcecode.c.objc; path = DemoTableModel.m; sourceTree = "<group>"; };
		CDBB3B031EB9DFAD00E8ED25 /* DemoTableView.h */ = {isa = PBXFileReference; fileEncoding = 4; lastKnownFileType = sourcecode.c.h; path = DemoTableView.h; sourceTree = "<group>"; };
		CDBB3B041EB9DFAD00E8ED25 /* DemoTableView.m */ = {isa = PBXFileReference; fileEncoding = 4; lastKnownFileType = sourcecode.c.objc; path = DemoTableView.m; sourceTree = "<group>"; };
		CDBB3B061EB9E01000E8ED25 /* DemoTableViewCell.h */ = {isa = PBXFileReference; fileEncoding = 4; lastKnownFileType = sourcecode.c.h; path = DemoTableViewCell.h; sourceTree = "<group>"; };
		CDBB3B071EB9E01000E8ED25 /* DemoTableViewCell.m */ = {isa = PBXFileReference; fileEncoding = 4; lastKnownFileType = sourcecode.c.objc; path = DemoTableViewCell.m; sourceTree = "<group>"; };
		CDBB3B081EB9E01000E8ED25 /* DemoTableViewCell.xib */ = {isa = PBXFileReference; fileEncoding = 4; lastKnownFileType = file.xib; path = DemoTableViewCell.xib; sourceTree = "<group>"; };
		CDBB3B0B1EB9E17500E8ED25 /* SettingTableView.plist */ = {isa = PBXFileReference; fileEncoding = 4; lastKnownFileType = text.plist.xml; path = SettingTableView.plist; sourceTree = "<group>"; };
		CDBB3B0D1EB9E19D00E8ED25 /* SettingTableView.h */ = {isa = PBXFileReference; fileEncoding = 4; lastKnownFileType = sourcecode.c.h; path = SettingTableView.h; sourceTree = "<group>"; };
		CDBB3B0E1EB9E19D00E8ED25 /* SettingTableView.m */ = {isa = PBXFileReference; fileEncoding = 4; lastKnownFileType = sourcecode.c.objc; path = SettingTableView.m; sourceTree = "<group>"; };
		CDBB3B111EB9E80F00E8ED25 /* MJExtension.h */ = {isa = PBXFileReference; fileEncoding = 4; lastKnownFileType = sourcecode.c.h; path = MJExtension.h; sourceTree = "<group>"; };
		CDBB3B121EB9E80F00E8ED25 /* MJExtensionConst.h */ = {isa = PBXFileReference; fileEncoding = 4; lastKnownFileType = sourcecode.c.h; path = MJExtensionConst.h; sourceTree = "<group>"; };
		CDBB3B131EB9E80F00E8ED25 /* MJExtensionConst.m */ = {isa = PBXFileReference; fileEncoding = 4; lastKnownFileType = sourcecode.c.objc; path = MJExtensionConst.m; sourceTree = "<group>"; };
		CDBB3B141EB9E80F00E8ED25 /* MJFoundation.h */ = {isa = PBXFileReference; fileEncoding = 4; lastKnownFileType = sourcecode.c.h; path = MJFoundation.h; sourceTree = "<group>"; };
		CDBB3B151EB9E80F00E8ED25 /* MJFoundation.m */ = {isa = PBXFileReference; fileEncoding = 4; lastKnownFileType = sourcecode.c.objc; path = MJFoundation.m; sourceTree = "<group>"; };
		CDBB3B161EB9E80F00E8ED25 /* MJProperty.h */ = {isa = PBXFileReference; fileEncoding = 4; lastKnownFileType = sourcecode.c.h; path = MJProperty.h; sourceTree = "<group>"; };
		CDBB3B171EB9E80F00E8ED25 /* MJProperty.m */ = {isa = PBXFileReference; fileEncoding = 4; lastKnownFileType = sourcecode.c.objc; path = MJProperty.m; sourceTree = "<group>"; };
		CDBB3B181EB9E80F00E8ED25 /* MJPropertyKey.h */ = {isa = PBXFileReference; fileEncoding = 4; lastKnownFileType = sourcecode.c.h; path = MJPropertyKey.h; sourceTree = "<group>"; };
		CDBB3B191EB9E80F00E8ED25 /* MJPropertyKey.m */ = {isa = PBXFileReference; fileEncoding = 4; lastKnownFileType = sourcecode.c.objc; path = MJPropertyKey.m; sourceTree = "<group>"; };
		CDBB3B1A1EB9E80F00E8ED25 /* MJPropertyType.h */ = {isa = PBXFileReference; fileEncoding = 4; lastKnownFileType = sourcecode.c.h; path = MJPropertyType.h; sourceTree = "<group>"; };
		CDBB3B1B1EB9E80F00E8ED25 /* MJPropertyType.m */ = {isa = PBXFileReference; fileEncoding = 4; lastKnownFileType = sourcecode.c.objc; path = MJPropertyType.m; sourceTree = "<group>"; };
		CDBB3B1C1EB9E80F00E8ED25 /* NSObject+MJClass.h */ = {isa = PBXFileReference; fileEncoding = 4; lastKnownFileType = sourcecode.c.h; path = "NSObject+MJClass.h"; sourceTree = "<group>"; };
		CDBB3B1D1EB9E80F00E8ED25 /* NSObject+MJClass.m */ = {isa = PBXFileReference; fileEncoding = 4; lastKnownFileType = sourcecode.c.objc; path = "NSObject+MJClass.m"; sourceTree = "<group>"; };
		CDBB3B1E1EB9E80F00E8ED25 /* NSObject+MJCoding.h */ = {isa = PBXFileReference; fileEncoding = 4; lastKnownFileType = sourcecode.c.h; path = "NSObject+MJCoding.h"; sourceTree = "<group>"; };
		CDBB3B1F1EB9E80F00E8ED25 /* NSObject+MJCoding.m */ = {isa = PBXFileReference; fileEncoding = 4; lastKnownFileType = sourcecode.c.objc; path = "NSObject+MJCoding.m"; sourceTree = "<group>"; };
		CDBB3B201EB9E80F00E8ED25 /* NSObject+MJKeyValue.h */ = {isa = PBXFileReference; fileEncoding = 4; lastKnownFileType = sourcecode.c.h; path = "NSObject+MJKeyValue.h"; sourceTree = "<group>"; };
		CDBB3B211EB9E80F00E8ED25 /* NSObject+MJKeyValue.m */ = {isa = PBXFileReference; fileEncoding = 4; lastKnownFileType = sourcecode.c.objc; path = "NSObject+MJKeyValue.m"; sourceTree = "<group>"; };
		CDBB3B221EB9E80F00E8ED25 /* NSObject+MJProperty.h */ = {isa = PBXFileReference; fileEncoding = 4; lastKnownFileType = sourcecode.c.h; path = "NSObject+MJProperty.h"; sourceTree = "<group>"; };
		CDBB3B231EB9E80F00E8ED25 /* NSObject+MJProperty.m */ = {isa = PBXFileReference; fileEncoding = 4; lastKnownFileType = sourcecode.c.objc; path = "NSObject+MJProperty.m"; sourceTree = "<group>"; };
		CDBB3B241EB9E80F00E8ED25 /* NSString+MJExtension.h */ = {isa = PBXFileReference; fileEncoding = 4; lastKnownFileType = sourcecode.c.h; path = "NSString+MJExtension.h"; sourceTree = "<group>"; };
		CDBB3B251EB9E80F00E8ED25 /* NSString+MJExtension.m */ = {isa = PBXFileReference; fileEncoding = 4; lastKnownFileType = sourcecode.c.objc; path = "NSString+MJExtension.m"; sourceTree = "<group>"; };
		CDCF31101EBB11A4005AC6CD /* NSURL+AXExtension.h */ = {isa = PBXFileReference; fileEncoding = 4; lastKnownFileType = sourcecode.c.h; path = "NSURL+AXExtension.h"; sourceTree = "<group>"; };
		CDCF31111EBB11A4005AC6CD /* NSURL+AXExtension.m */ = {isa = PBXFileReference; fileEncoding = 4; lastKnownFileType = sourcecode.c.objc; path = "NSURL+AXExtension.m"; sourceTree = "<group>"; };
		CDD7A06A1EA066000068FDBF /* UIResponder+AXExtension.h */ = {isa = PBXFileReference; fileEncoding = 4; lastKnownFileType = sourcecode.c.h; path = "UIResponder+AXExtension.h"; sourceTree = "<group>"; };
		CDD7A06B1EA066000068FDBF /* UIResponder+AXExtension.m */ = {isa = PBXFileReference; fileEncoding = 4; lastKnownFileType = sourcecode.c.objc; path = "UIResponder+AXExtension.m"; sourceTree = "<group>"; };
		CDD7A06E1EA06A560068FDBF /* UINavigationController+AXExtension.h */ = {isa = PBXFileReference; fileEncoding = 4; lastKnownFileType = sourcecode.c.h; path = "UINavigationController+AXExtension.h"; sourceTree = "<group>"; };
		CDD7A06F1EA06A560068FDBF /* UINavigationController+AXExtension.m */ = {isa = PBXFileReference; fileEncoding = 4; lastKnownFileType = sourcecode.c.objc; path = "UINavigationController+AXExtension.m"; sourceTree = "<group>"; };
		CDE91F9E1EAEE6E000FC5A88 /* NSError+AXExtension.h */ = {isa = PBXFileReference; fileEncoding = 4; lastKnownFileType = sourcecode.c.h; path = "NSError+AXExtension.h"; sourceTree = "<group>"; };
		CDE91F9F1EAEE6E000FC5A88 /* NSError+AXExtension.m */ = {isa = PBXFileReference; fileEncoding = 4; lastKnownFileType = sourcecode.c.objc; path = "NSError+AXExtension.m"; sourceTree = "<group>"; };
		CDE91FBF1EAF478700FC5A88 /* NSBundle+AXExtension.h */ = {isa = PBXFileReference; fileEncoding = 4; lastKnownFileType = sourcecode.c.h; path = "NSBundle+AXExtension.h"; sourceTree = "<group>"; };
		CDE91FC01EAF478700FC5A88 /* NSBundle+AXExtension.m */ = {isa = PBXFileReference; fileEncoding = 4; lastKnownFileType = sourcecode.c.objc; path = "NSBundle+AXExtension.m"; sourceTree = "<group>"; };
		CDE91FC91EAF4E6E00FC5A88 /* zh-Hans */ = {isa = PBXFileReference; lastKnownFileType = text.plist.strings; name = "zh-Hans"; path = "zh-Hans.lproj/Main.strings"; sourceTree = "<group>"; };
		CDE91FCA1EAF4E6E00FC5A88 /* zh-Hans */ = {isa = PBXFileReference; lastKnownFileType = text.plist.strings; name = "zh-Hans"; path = "zh-Hans.lproj/LaunchScreen.strings"; sourceTree = "<group>"; };
		CDF18CB81EB884F1004B4794 /* TabBarControllers.plist */ = {isa = PBXFileReference; fileEncoding = 4; lastKnownFileType = text.plist.xml; path = TabBarControllers.plist; sourceTree = "<group>"; };
		CDF18CB91EB884F1004B4794 /* BaseNavController.h */ = {isa = PBXFileReference; fileEncoding = 4; lastKnownFileType = sourcecode.c.h; path = BaseNavController.h; sourceTree = "<group>"; };
		CDF18CBA1EB884F1004B4794 /* BaseNavController.m */ = {isa = PBXFileReference; fileEncoding = 4; lastKnownFileType = sourcecode.c.objc; path = BaseNavController.m; sourceTree = "<group>"; };
		CDF18CBB1EB884F1004B4794 /* BaseTabBarController.h */ = {isa = PBXFileReference; fileEncoding = 4; lastKnownFileType = sourcecode.c.h; path = BaseTabBarController.h; sourceTree = "<group>"; };
		CDF18CBC1EB884F1004B4794 /* BaseTabBarController.m */ = {isa = PBXFileReference; fileEncoding = 4; lastKnownFileType = sourcecode.c.objc; path = BaseTabBarController.m; sourceTree = "<group>"; };
		CDF18CBD1EB884F1004B4794 /* BaseViewController.h */ = {isa = PBXFileReference; fileEncoding = 4; lastKnownFileType = sourcecode.c.h; path = BaseViewController.h; sourceTree = "<group>"; };
		CDF18CBE1EB884F1004B4794 /* BaseViewController.m */ = {isa = PBXFileReference; fileEncoding = 4; lastKnownFileType = sourcecode.c.objc; path = BaseViewController.m; sourceTree = "<group>"; };
		CDF18CBF1EB884F1004B4794 /* RootViewController.h */ = {isa = PBXFileReference; fileEncoding = 4; lastKnownFileType = sourcecode.c.h; path = RootViewController.h; sourceTree = "<group>"; };
		CDF18CC01EB884F1004B4794 /* RootViewController.m */ = {isa = PBXFileReference; fileEncoding = 4; lastKnownFileType = sourcecode.c.objc; path = RootViewController.m; sourceTree = "<group>"; };
		CDF18CE31EB888BE004B4794 /* UITableView+Creator.h */ = {isa = PBXFileReference; fileEncoding = 4; lastKnownFileType = sourcecode.c.h; path = "UITableView+Creator.h"; sourceTree = "<group>"; };
		CDF18CE41EB888BE004B4794 /* UITableView+Creator.m */ = {isa = PBXFileReference; fileEncoding = 4; lastKnownFileType = sourcecode.c.objc; path = "UITableView+Creator.m"; sourceTree = "<group>"; };
		CDF18CE51EB888BE004B4794 /* UIViewController+AXExtension.h */ = {isa = PBXFileReference; fileEncoding = 4; lastKnownFileType = sourcecode.c.h; path = "UIViewController+AXExtension.h"; sourceTree = "<group>"; };
		CDF18CE61EB888BE004B4794 /* UIViewController+AXExtension.m */ = {isa = PBXFileReference; fileEncoding = 4; lastKnownFileType = sourcecode.c.objc; path = "UIViewController+AXExtension.m"; sourceTree = "<group>"; };
/* End PBXFileReference section */

/* Begin PBXFrameworksBuildPhase section */
		8579EEF71E6BEDF900C33881 /* Frameworks */ = {
			isa = PBXFrameworksBuildPhase;
			buildActionMask = 2147483647;
			files = (
				8579EF201E6BEE4F00C33881 /* AXKit.framework in Frameworks */,
			);
			runOnlyForDeploymentPostprocessing = 0;
		};
		8579EF151E6BEE4F00C33881 /* Frameworks */ = {
			isa = PBXFrameworksBuildPhase;
			buildActionMask = 2147483647;
			files = (
			);
			runOnlyForDeploymentPostprocessing = 0;
		};
/* End PBXFrameworksBuildPhase section */

/* Begin PBXGroup section */
		8579EEF11E6BEDF900C33881 = {
			isa = PBXGroup;
			children = (
				8579EEFC1E6BEDF900C33881 /* AXKitDemo */,
				8579EF1A1E6BEE4F00C33881 /* AXKit */,
				8579EEFB1E6BEDF900C33881 /* Products */,
			);
			sourceTree = "<group>";
		};
		8579EEFB1E6BEDF900C33881 /* Products */ = {
			isa = PBXGroup;
			children = (
				8579EEFA1E6BEDF900C33881 /* AXKitDemo.app */,
				8579EF191E6BEE4F00C33881 /* AXKit.framework */,
			);
			name = Products;
			sourceTree = "<group>";
		};
		8579EEFC1E6BEDF900C33881 /* AXKitDemo */ = {
			isa = PBXGroup;
			children = (
				CDF18CB61EB884F1004B4794 /* classes */,
				CD0645A81EB3AA78007FBF06 /* resources */,
				8579EF001E6BEDF900C33881 /* AppDelegate.h */,
				8579EF011E6BEDF900C33881 /* AppDelegate.m */,
				CD0645C71EB3AC96007FBF06 /* PrefixHeader.pch */,
				CD0645A51EB3A3DF007FBF06 /* Localizable.strings */,
				8579EF061E6BEDF900C33881 /* Main.storyboard */,
				8579EF091E6BEDF900C33881 /* Assets.xcassets */,
				8579EF0B1E6BEDF900C33881 /* LaunchScreen.storyboard */,
				8579EF0E1E6BEDF900C33881 /* Info.plist */,
				8579EEFD1E6BEDF900C33881 /* Supporting Files */,
			);
			path = AXKitDemo;
			sourceTree = "<group>";
		};
		8579EEFD1E6BEDF900C33881 /* Supporting Files */ = {
			isa = PBXGroup;
			children = (
				8579EEFE1E6BEDF900C33881 /* main.m */,
			);
			name = "Supporting Files";
			sourceTree = "<group>";
		};
		8579EF1A1E6BEE4F00C33881 /* AXKit */ = {
			isa = PBXGroup;
			children = (
				CDAB58DB1E6BF1810017CA1E /* Foundation */,
				CDAB58DC1E6BF1810017CA1E /* UIKit */,
				8579EF1B1E6BEE4F00C33881 /* AXKit.h */,
				8579EF1C1E6BEE4F00C33881 /* Info.plist */,
			);
			path = AXKit;
			sourceTree = "<group>";
		};
		CD0645A81EB3AA78007FBF06 /* resources */ = {
			isa = PBXGroup;
			children = (
				CD0645A91EB3AA78007FBF06 /* framework.json */,
				CD0645AA1EB3AA78007FBF06 /* Localizable.xlsx */,
			);
			path = resources;
			sourceTree = "<group>";
		};
		CD6C67671EB9F2BC00B57279 /* web */ = {
			isa = PBXGroup;
			children = (
				CD6C67681EB9F2BC00B57279 /* DemoWebVC.h */,
				CD6C67691EB9F2BC00B57279 /* DemoWebVC.m */,
			);
			path = web;
			sourceTree = "<group>";
		};
		CD77FE681EBEE62E001A5787 /* NSString */ = {
			isa = PBXGroup;
			children = (
				CDAB58ED1E6BF5A20017CA1E /* NSString+AXExtension.h */,
				CDAB58EE1E6BF5A20017CA1E /* NSString+AXExtension.m */,
				CDAB58F11E6BF6CA0017CA1E /* NSString+AXFileStreamChainedWrapper.h */,
				CDAB58F21E6BF6CA0017CA1E /* NSString+AXFileStreamChainedWrapper.m */,
			);
			name = NSString;
			sourceTree = "<group>";
		};
		CD77FE691EBEE66C001A5787 /* UIView */ = {
			isa = PBXGroup;
			children = (
				CDAB59311E6BFDD60017CA1E /* UIView+AXAnimatedWrapper.h */,
				CDAB59321E6BFDD60017CA1E /* UIView+AXAnimatedWrapper.m */,
				CDAB59351E6BFE170017CA1E /* UIView+AXExtension.h */,
				CDAB59361E6BFE170017CA1E /* UIView+AXExtension.m */,
				CDAB59391E6BFE700017CA1E /* UIView+AXFrameWrapper.h */,
				CDAB593A1E6BFE700017CA1E /* UIView+AXFrameWrapper.m */,
				CDAB593D1E6BFEAC0017CA1E /* UIView+AXGestureExtension.h */,
				CDAB593E1E6BFEAC0017CA1E /* UIView+AXGestureExtension.m */,
			);
			name = UIView;
			sourceTree = "<group>";
		};
		CD77FE6A1EBEE685001A5787 /* UIColor */ = {
			isa = PBXGroup;
			children = (
				CDAB59051E6BF92F0017CA1E /* UIColor+AXColorPack.h */,
				CDAB59061E6BF92F0017CA1E /* UIColor+AXColorPack.m */,
				CDAB59091E6BF96A0017CA1E /* UIColor+AXExtension.h */,
				CDAB590A1E6BF96B0017CA1E /* UIColor+AXExtension.m */,
				CDAB590D1E6BF9B90017CA1E /* UIColor+MDColorPack.h */,
				CDAB590E1E6BF9B90017CA1E /* UIColor+MDColorPack.m */,
				CDAB59111E6BF9FE0017CA1E /* UIColorManager.h */,
				CDAB59121E6BF9FE0017CA1E /* UIColorManager.m */,
			);
			name = UIColor;
			sourceTree = "<group>";
		};
		CD77FE6B1EBEE690001A5787 /* UIImage */ = {
			isa = PBXGroup;
			children = (
				CDAB58F91E6BF7E50017CA1E /* CIImage+AXScaleExtension.h */,
				CDAB58FA1E6BF7E50017CA1E /* CIImage+AXScaleExtension.m */,
				CDAB591D1E6BFBCE0017CA1E /* UIImage+AXExtension.h */,
				CDAB591E1E6BFBCE0017CA1E /* UIImage+AXExtension.m */,
				CD004D181EB2128C00ACC0B8 /* UIImageView+AXExtension.h */,
				CD004D191EB2128C00ACC0B8 /* UIImageView+AXExtension.m */,
				CDAB59211E6BFC2F0017CA1E /* UIImageView+AXGetColor.h */,
				CDAB59221E6BFC2F0017CA1E /* UIImageView+AXGetColor.m */,
			);
			name = UIImage;
			sourceTree = "<group>";
		};
		CD77FE6C1EBEE8F1001A5787 /* Controllers */ = {
			isa = PBXGroup;
			children = (
				CD2E9F2A1E7BBE7400C57CA6 /* UIViewController+AXExtension.h */,
				CD2E9F2B1E7BBE7400C57CA6 /* UIViewController+AXExtension.m */,
				CDD7A06E1EA06A560068FDBF /* UINavigationController+AXExtension.h */,
				CDD7A06F1EA06A560068FDBF /* UINavigationController+AXExtension.m */,
			);
			name = Controllers;
			sourceTree = "<group>";
		};
		CDAB58DB1E6BF1810017CA1E /* Foundation */ = {
			isa = PBXGroup;
			children = (
				CDAB58DD1E6BF2160017CA1E /* CALayer+AXChainedWrapper.h */,
				CDAB58DE1E6BF2160017CA1E /* CALayer+AXChainedWrapper.m */,
				CDAB58E11E6BF3220017CA1E /* Foundation+AXLogExtension.h */,
				CDAB58E21E6BF3220017CA1E /* Foundation+AXLogExtension.m */,
				CD77FE7F1EBEF8DF001A5787 /* Foundation+AXRangeExtension.h */,
				CD77FE801EBEF8DF001A5787 /* Foundation+AXRangeExtension.m */,
				CD77FE7B1EBEF7EC001A5787 /* Foundation+AXRandomExtension.h */,
				CD77FE7C1EBEF7EC001A5787 /* Foundation+AXRandomExtension.m */,
				CDAB58E51E6BF37E0017CA1E /* CoreGraphics+AXExtension.h */,
				CDAB58E61E6BF37E0017CA1E /* CoreGraphics+AXExtension.m */,
				CDAB58E91E6BF4EC0017CA1E /* NSObject+AXBlockWrapper.h */,
				CDAB58EA1E6BF4EC0017CA1E /* NSObject+AXBlockWrapper.m */,
				CD77FE831EBF2971001A5787 /* NSOperation+AXExtension.h */,
				CD77FE841EBF2971001A5787 /* NSOperation+AXExtension.m */,
				CD77FE681EBEE62E001A5787 /* NSString */,
				CDCF31101EBB11A4005AC6CD /* NSURL+AXExtension.h */,
				CDCF31111EBB11A4005AC6CD /* NSURL+AXExtension.m */,
				CD36EE7D1E7BAE31001C0C47 /* NSUserDefaults+AXWrapper.h */,
				CD36EE7E1E7BAE31001C0C47 /* NSUserDefaults+AXWrapper.m */,
				CDAB58F51E6BF77E0017CA1E /* NSTimer+AXBlockWrapper.h */,
				CDAB58F61E6BF77E0017CA1E /* NSTimer+AXBlockWrapper.m */,
				CDAB59411E6BFF9C0017CA1E /* Foundation+AXMacros.h */,
				CDE91F9E1EAEE6E000FC5A88 /* NSError+AXExtension.h */,
				CDE91F9F1EAEE6E000FC5A88 /* NSError+AXExtension.m */,
				CDE91FBF1EAF478700FC5A88 /* NSBundle+AXExtension.h */,
				CDE91FC01EAF478700FC5A88 /* NSBundle+AXExtension.m */,
			);
			path = Foundation;
			sourceTree = "<group>";
		};
		CDAB58DC1E6BF1810017CA1E /* UIKit */ = {
			isa = PBXGroup;
			children = (
				CDAB58FD1E6BF8620017CA1E /* Foundation+AXEventTarget.h */,
				CDAB58FE1E6BF8620017CA1E /* Foundation+AXEventTarget.m */,
				CDAB59011E6BF8B70017CA1E /* UIBarButtonItem+AXBlockWrapper.h */,
				CDAB59021E6BF8B70017CA1E /* UIBarButtonItem+AXBlockWrapper.m */,
				CD77FE6A1EBEE685001A5787 /* UIColor */,
				CDAB59151E6BFAA90017CA1E /* UIControl+AXBlockWrapper.h */,
				CDAB59161E6BFAA90017CA1E /* UIControl+AXBlockWrapper.m */,
				CDAB59191E6BFB9A0017CA1E /* UIFont+AXWrapper.h */,
				CDAB591A1E6BFB9A0017CA1E /* UIFont+AXWrapper.m */,
				CD77FE6B1EBEE690001A5787 /* UIImage */,
				CDAB59251E6BFC730017CA1E /* UITextField+AXExtension.h */,
				CDAB59261E6BFC730017CA1E /* UITextField+AXExtension.m */,
				CDAB59291E6BFD050017CA1E /* UITextView+AXExtension.h */,
				CDAB592A1E6BFD050017CA1E /* UITextView+AXExtension.m */,
				CD77FE691EBEE66C001A5787 /* UIView */,
				CDD7A06A1EA066000068FDBF /* UIResponder+AXExtension.h */,
				CDD7A06B1EA066000068FDBF /* UIResponder+AXExtension.m */,
				CD77FE6C1EBEE8F1001A5787 /* Controllers */,
			);
			path = UIKit;
			sourceTree = "<group>";
		};
		CDBB39B21EB9D74E00E8ED25 /* config */ = {
			isa = PBXGroup;
			children = (
				CDBB39B31EB9D74E00E8ED25 /* DemoConst.h */,
				CDBB39B41EB9D74E00E8ED25 /* DemoConst.m */,
				CDBB39B51EB9D74E00E8ED25 /* DemoMarcos.h */,
				CDBB39B61EB9D74E00E8ED25 /* DemoMarcos.m */,
			);
			path = config;
			sourceTree = "<group>";
		};
		CDBB39B91EB9D96B00E8ED25 /* controllers */ = {
			isa = PBXGroup;
			children = (
				CD6C67671EB9F2BC00B57279 /* web */,
				CDBB39BA1EB9D96B00E8ED25 /* home */,
				CDBB39CD1EB9DCEA00E8ED25 /* blog */,
				CDBB39C21EB9D96B00E8ED25 /* setting */,
				CD77FE6D1EBEE9C2001A5787 /* TestVC1.h */,
				CD77FE6E1EBEE9C2001A5787 /* TestVC1.m */,
				CD77FE701EBEE9C9001A5787 /* TestVC2.h */,
				CD77FE711EBEE9C9001A5787 /* TestVC2.m */,
				CD77FE731EBEE9D0001A5787 /* TestVC3.h */,
				CD77FE741EBEE9D0001A5787 /* TestVC3.m */,
				CD77FE761EBEF095001A5787 /* PopView.h */,
				CD77FE771EBEF095001A5787 /* PopView.m */,
				CD77FE791EBEF09D001A5787 /* PopView.xib */,
			);
			path = controllers;
			sourceTree = "<group>";
		};
		CDBB39BA1EB9D96B00E8ED25 /* home */ = {
			isa = PBXGroup;
			children = (
				CDBB39BB1EB9D96B00E8ED25 /* axlog */,
				CDBB39BF1EB9D96B00E8ED25 /* HomeVC.h */,
				CDBB39C01EB9D96B00E8ED25 /* HomeVC.m */,
				CDBB39C11EB9D96B00E8ED25 /* HomeVC.xib */,
			);
			path = home;
			sourceTree = "<group>";
		};
		CDBB39BB1EB9D96B00E8ED25 /* axlog */ = {
			isa = PBXGroup;
			children = (
				CDBB39BC1EB9D96B00E8ED25 /* AXLogVC.h */,
				CDBB39BD1EB9D96B00E8ED25 /* AXLogVC.m */,
				CDBB39BE1EB9D96B00E8ED25 /* AXLogVC.xib */,
			);
			path = axlog;
			sourceTree = "<group>";
		};
		CDBB39C21EB9D96B00E8ED25 /* setting */ = {
			isa = PBXGroup;
			children = (
				CDBB39C31EB9D96B00E8ED25 /* SettingVC.h */,
				CDBB39C41EB9D96B00E8ED25 /* SettingVC.m */,
				CDBB39C51EB9D96B00E8ED25 /* SettingVC.xib */,
				CDBB3B0D1EB9E19D00E8ED25 /* SettingTableView.h */,
				CDBB3B0E1EB9E19D00E8ED25 /* SettingTableView.m */,
				CDBB3B0B1EB9E17500E8ED25 /* SettingTableView.plist */,
			);
			path = setting;
			sourceTree = "<group>";
		};
		CDBB39CC1EB9D97900E8ED25 /* models */ = {
			isa = PBXGroup;
			children = (
			);
			path = models;
			sourceTree = "<group>";
		};
		CDBB39CD1EB9DCEA00E8ED25 /* blog */ = {
			isa = PBXGroup;
			children = (
				CDBB39D31EB9DD1400E8ED25 /* BlogVC.h */,
				CDBB39D41EB9DD1400E8ED25 /* BlogVC.m */,
				CDBB39D51EB9DD1400E8ED25 /* BlogVC.xib */,
			);
			path = blog;
			sourceTree = "<group>";
		};
		CDBB39D81EB9DD6600E8ED25 /* vendor */ = {
			isa = PBXGroup;
			children = (
				CDBB3B101EB9E80F00E8ED25 /* MJExtension */,
			);
			path = vendor;
			sourceTree = "<group>";
		};
		CDBB3AFF1EB9DF6B00E8ED25 /* table */ = {
			isa = PBXGroup;
			children = (
				CDBB3B001EB9DF7A00E8ED25 /* DemoTableModel.h */,
				CDBB3B011EB9DF7A00E8ED25 /* DemoTableModel.m */,
				CDBB3B031EB9DFAD00E8ED25 /* DemoTableView.h */,
				CDBB3B041EB9DFAD00E8ED25 /* DemoTableView.m */,
				CDBB3B061EB9E01000E8ED25 /* DemoTableViewCell.h */,
				CDBB3B071EB9E01000E8ED25 /* DemoTableViewCell.m */,
				CDBB3B081EB9E01000E8ED25 /* DemoTableViewCell.xib */,
			);
			path = table;
			sourceTree = "<group>";
		};
		CDBB3B101EB9E80F00E8ED25 /* MJExtension */ = {
			isa = PBXGroup;
			children = (
				CDBB3B111EB9E80F00E8ED25 /* MJExtension.h */,
				CDBB3B121EB9E80F00E8ED25 /* MJExtensionConst.h */,
				CDBB3B131EB9E80F00E8ED25 /* MJExtensionConst.m */,
				CDBB3B141EB9E80F00E8ED25 /* MJFoundation.h */,
				CDBB3B151EB9E80F00E8ED25 /* MJFoundation.m */,
				CDBB3B161EB9E80F00E8ED25 /* MJProperty.h */,
				CDBB3B171EB9E80F00E8ED25 /* MJProperty.m */,
				CDBB3B181EB9E80F00E8ED25 /* MJPropertyKey.h */,
				CDBB3B191EB9E80F00E8ED25 /* MJPropertyKey.m */,
				CDBB3B1A1EB9E80F00E8ED25 /* MJPropertyType.h */,
				CDBB3B1B1EB9E80F00E8ED25 /* MJPropertyType.m */,
				CDBB3B1C1EB9E80F00E8ED25 /* NSObject+MJClass.h */,
				CDBB3B1D1EB9E80F00E8ED25 /* NSObject+MJClass.m */,
				CDBB3B1E1EB9E80F00E8ED25 /* NSObject+MJCoding.h */,
				CDBB3B1F1EB9E80F00E8ED25 /* NSObject+MJCoding.m */,
				CDBB3B201EB9E80F00E8ED25 /* NSObject+MJKeyValue.h */,
				CDBB3B211EB9E80F00E8ED25 /* NSObject+MJKeyValue.m */,
				CDBB3B221EB9E80F00E8ED25 /* NSObject+MJProperty.h */,
				CDBB3B231EB9E80F00E8ED25 /* NSObject+MJProperty.m */,
				CDBB3B241EB9E80F00E8ED25 /* NSString+MJExtension.h */,
				CDBB3B251EB9E80F00E8ED25 /* NSString+MJExtension.m */,
			);
			path = MJExtension;
			sourceTree = "<group>";
		};
		CDF18CB61EB884F1004B4794 /* classes */ = {
			isa = PBXGroup;
			children = (
				CDBB39D81EB9DD6600E8ED25 /* vendor */,
				CDBB39B21EB9D74E00E8ED25 /* config */,
				CDF18CE21EB8889F004B4794 /* util */,
				CDF18CB71EB884F1004B4794 /* base */,
				CDBB39B91EB9D96B00E8ED25 /* controllers */,
				CDF18CD61EB8886C004B4794 /* views */,
				CDBB39CC1EB9D97900E8ED25 /* models */,
			);
			path = classes;
			sourceTree = "<group>";
		};
		CDF18CB71EB884F1004B4794 /* base */ = {
			isa = PBXGroup;
			children = (
				CDF18CBF1EB884F1004B4794 /* RootViewController.h */,
				CDF18CC01EB884F1004B4794 /* RootViewController.m */,
				CDF18CB81EB884F1004B4794 /* TabBarControllers.plist */,
				CDF18CB91EB884F1004B4794 /* BaseNavController.h */,
				CDF18CBA1EB884F1004B4794 /* BaseNavController.m */,
				CDF18CBB1EB884F1004B4794 /* BaseTabBarController.h */,
				CDF18CBC1EB884F1004B4794 /* BaseTabBarController.m */,
				CDF18CBD1EB884F1004B4794 /* BaseViewController.h */,
				CDF18CBE1EB884F1004B4794 /* BaseViewController.m */,
			);
			path = base;
			sourceTree = "<group>";
		};
		CDF18CD61EB8886C004B4794 /* views */ = {
			isa = PBXGroup;
			children = (
				CDBB3AFF1EB9DF6B00E8ED25 /* table */,
			);
			path = views;
			sourceTree = "<group>";
		};
		CDF18CE21EB8889F004B4794 /* util */ = {
			isa = PBXGroup;
			children = (
				CDF18CE31EB888BE004B4794 /* UITableView+Creator.h */,
				CDF18CE41EB888BE004B4794 /* UITableView+Creator.m */,
				CDF18CE51EB888BE004B4794 /* UIViewController+AXExtension.h */,
				CDF18CE61EB888BE004B4794 /* UIViewController+AXExtension.m */,
			);
			path = util;
			sourceTree = "<group>";
		};
/* End PBXGroup section */

/* Begin PBXHeadersBuildPhase section */
		8579EF161E6BEE4F00C33881 /* Headers */ = {
			isa = PBXHeadersBuildPhase;
			buildActionMask = 2147483647;
			files = (
				CDAB58F71E6BF77E0017CA1E /* NSTimer+AXBlockWrapper.h in Headers */,
				CDAB590B1E6BF96B0017CA1E /* UIColor+AXExtension.h in Headers */,
				CDAB58EB1E6BF4EC0017CA1E /* NSObject+AXBlockWrapper.h in Headers */,
				CDAB591B1E6BFB9A0017CA1E /* UIFont+AXWrapper.h in Headers */,
				CDAB58EF1E6BF5A20017CA1E /* NSString+AXExtension.h in Headers */,
				CDAB58E31E6BF3220017CA1E /* Foundation+AXLogExtension.h in Headers */,
				CDAB59371E6BFE170017CA1E /* UIView+AXExtension.h in Headers */,
				CDAB58DF1E6BF2160017CA1E /* CALayer+AXChainedWrapper.h in Headers */,
				CDAB592B1E6BFD050017CA1E /* UITextView+AXExtension.h in Headers */,
				CDAB59271E6BFC730017CA1E /* UITextField+AXExtension.h in Headers */,
				CDAB591F1E6BFBCE0017CA1E /* UIImage+AXExtension.h in Headers */,
				CDAB59431E6BFF9C0017CA1E /* Foundation+AXMacros.h in Headers */,
				8579EF1D1E6BEE4F00C33881 /* AXKit.h in Headers */,
				CDAB59071E6BF92F0017CA1E /* UIColor+AXColorPack.h in Headers */,
				CDAB59131E6BF9FE0017CA1E /* UIColorManager.h in Headers */,
				CDAB593B1E6BFE700017CA1E /* UIView+AXFrameWrapper.h in Headers */,
				CDAB58FF1E6BF8620017CA1E /* Foundation+AXEventTarget.h in Headers */,
				CDAB58E71E6BF37E0017CA1E /* CoreGraphics+AXExtension.h in Headers */,
				CDAB58FB1E6BF7E50017CA1E /* CIImage+AXScaleExtension.h in Headers */,
				CDAB59031E6BF8B70017CA1E /* UIBarButtonItem+AXBlockWrapper.h in Headers */,
				CDAB590F1E6BF9B90017CA1E /* UIColor+MDColorPack.h in Headers */,
				CDAB593F1E6BFEAC0017CA1E /* UIView+AXGestureExtension.h in Headers */,
				CDAB59331E6BFDD60017CA1E /* UIView+AXAnimatedWrapper.h in Headers */,
				CDAB59231E6BFC2F0017CA1E /* UIImageView+AXGetColor.h in Headers */,
				CD36EE7F1E7BAE31001C0C47 /* NSUserDefaults+AXWrapper.h in Headers */,
				CDAB58F31E6BF6CA0017CA1E /* NSString+AXFileStreamChainedWrapper.h in Headers */,
				CD2E9F2C1E7BBE7400C57CA6 /* UIViewController+AXExtension.h in Headers */,
				CDD7A06C1EA066000068FDBF /* UIResponder+AXExtension.h in Headers */,
				CDD7A0701EA06A560068FDBF /* UINavigationController+AXExtension.h in Headers */,
				CD004D1A1EB2128C00ACC0B8 /* UIImageView+AXExtension.h in Headers */,
				CDE91FC11EAF478700FC5A88 /* NSBundle+AXExtension.h in Headers */,
				CDCF31121EBB11A4005AC6CD /* NSURL+AXExtension.h in Headers */,
				CD77FE811EBEF8DF001A5787 /* Foundation+AXRangeExtension.h in Headers */,
				CD77FE7D1EBEF7EC001A5787 /* Foundation+AXRandomExtension.h in Headers */,
				CDE91FA01EAEE6E000FC5A88 /* NSError+AXExtension.h in Headers */,
				CD77FE851EBF2971001A5787 /* NSOperation+AXExtension.h in Headers */,
				CDAB59171E6BFAA90017CA1E /* UIControl+AXBlockWrapper.h in Headers */,
			);
			runOnlyForDeploymentPostprocessing = 0;
		};
/* End PBXHeadersBuildPhase section */

/* Begin PBXNativeTarget section */
		8579EEF91E6BEDF900C33881 /* AXKitDemo */ = {
			isa = PBXNativeTarget;
			buildConfigurationList = 8579EF111E6BEDF900C33881 /* Build configuration list for PBXNativeTarget "AXKitDemo" */;
			buildPhases = (
				8579EEF61E6BEDF900C33881 /* Sources */,
				8579EEF71E6BEDF900C33881 /* Frameworks */,
				8579EEF81E6BEDF900C33881 /* Resources */,
				8579EF251E6BEE4F00C33881 /* Embed Frameworks */,
			);
			buildRules = (
			);
			dependencies = (
				8579EF1F1E6BEE4F00C33881 /* PBXTargetDependency */,
			);
			name = AXKitDemo;
			productName = AXKitDemo;
			productReference = 8579EEFA1E6BEDF900C33881 /* AXKitDemo.app */;
			productType = "com.apple.product-type.application";
		};
		8579EF181E6BEE4F00C33881 /* AXKit */ = {
			isa = PBXNativeTarget;
			buildConfigurationList = 8579EF221E6BEE4F00C33881 /* Build configuration list for PBXNativeTarget "AXKit" */;
			buildPhases = (
				8579EF141E6BEE4F00C33881 /* Sources */,
				8579EF151E6BEE4F00C33881 /* Frameworks */,
				8579EF161E6BEE4F00C33881 /* Headers */,
				8579EF171E6BEE4F00C33881 /* Resources */,
			);
			buildRules = (
			);
			dependencies = (
			);
			name = AXKit;
			productName = AXKit;
			productReference = 8579EF191E6BEE4F00C33881 /* AXKit.framework */;
			productType = "com.apple.product-type.framework";
		};
/* End PBXNativeTarget section */

/* Begin PBXProject section */
		8579EEF21E6BEDF900C33881 /* Project object */ = {
			isa = PBXProject;
			attributes = {
				LastUpgradeCheck = 0820;
				ORGANIZATIONNAME = "Titan Studio";
				TargetAttributes = {
					8579EEF91E6BEDF900C33881 = {
						CreatedOnToolsVersion = 8.0;
						DevelopmentTeam = 6C36HX8DP4;
						ProvisioningStyle = Automatic;
					};
					8579EF181E6BEE4F00C33881 = {
						CreatedOnToolsVersion = 8.0;
						DevelopmentTeam = 6C36HX8DP4;
						ProvisioningStyle = Automatic;
					};
					CDAB59451E6C0F270017CA1E = {
						CreatedOnToolsVersion = 8.0;
						DevelopmentTeam = 6C36HX8DP4;
						ProvisioningStyle = Automatic;
					};
				};
			};
			buildConfigurationList = 8579EEF51E6BEDF900C33881 /* Build configuration list for PBXProject "AXKit" */;
			compatibilityVersion = "Xcode 3.2";
			developmentRegion = English;
			hasScannedForEncodings = 0;
			knownRegions = (
				en,
				Base,
				"zh-Hans",
			);
			mainGroup = 8579EEF11E6BEDF900C33881;
			productRefGroup = 8579EEFB1E6BEDF900C33881 /* Products */;
			projectDirPath = "";
			projectRoot = "";
			targets = (
				8579EEF91E6BEDF900C33881 /* AXKitDemo */,
				8579EF181E6BEE4F00C33881 /* AXKit */,
				CDAB59451E6C0F270017CA1E /* Framework */,
			);
		};
/* End PBXProject section */

/* Begin PBXResourcesBuildPhase section */
		8579EEF81E6BEDF900C33881 /* Resources */ = {
			isa = PBXResourcesBuildPhase;
			buildActionMask = 2147483647;
			files = (
				CDBB39D71EB9DD1400E8ED25 /* BlogVC.xib in Resources */,
				8579EF0D1E6BEDF900C33881 /* LaunchScreen.storyboard in Resources */,
				CD77FE7A1EBEF09D001A5787 /* PopView.xib in Resources */,
				CDBB3B0C1EB9E17500E8ED25 /* SettingTableView.plist in Resources */,
				CD0645A31EB3A3DF007FBF06 /* Localizable.strings in Resources */,
				CD0645AB1EB3AA78007FBF06 /* framework.json in Resources */,
				8579EF0A1E6BEDF900C33881 /* Assets.xcassets in Resources */,
				8579EF081E6BEDF900C33881 /* Main.storyboard in Resources */,
				CDBB39C71EB9D96B00E8ED25 /* AXLogVC.xib in Resources */,
				CD0645AC1EB3AA78007FBF06 /* Localizable.xlsx in Resources */,
				CDBB39C91EB9D96B00E8ED25 /* HomeVC.xib in Resources */,
				CDBB39CB1EB9D96B00E8ED25 /* SettingVC.xib in Resources */,
				CDBB3B0A1EB9E01000E8ED25 /* DemoTableViewCell.xib in Resources */,
				CDF18CCA1EB884F1004B4794 /* TabBarControllers.plist in Resources */,
			);
			runOnlyForDeploymentPostprocessing = 0;
		};
		8579EF171E6BEE4F00C33881 /* Resources */ = {
			isa = PBXResourcesBuildPhase;
			buildActionMask = 2147483647;
			files = (
			);
			runOnlyForDeploymentPostprocessing = 0;
		};
/* End PBXResourcesBuildPhase section */

/* Begin PBXShellScriptBuildPhase section */
		CDAB59491E6C0F3B0017CA1E /* ShellScript */ = {
			isa = PBXShellScriptBuildPhase;
			buildActionMask = 2147483647;
			files = (
			);
			inputPaths = (
			);
			outputPaths = (
			);
			runOnlyForDeploymentPostprocessing = 0;
			shellPath = /bin/sh;
			shellScript = "if [ \"${ACTION}\" = \"build\" ]\nthen\nINSTALL_DIR=${SRCROOT}/Products/${PROJECT_NAME}.framework\n\nDEVICE_DIR=${BUILD_ROOT}/${CONFIGURATION}-iphoneos/${PROJECT_NAME}.framework\n\nSIMULATOR_DIR=${BUILD_ROOT}/${CONFIGURATION}-iphonesimulator/${PROJECT_NAME}.framework\n\n\nif [ -d \"${INSTALL_DIR}\" ]\nthen\nrm -rf \"${INSTALL_DIR}\"\nfi\n\nmkdir -p \"${INSTALL_DIR}\"\n\ncp -R \"${DEVICE_DIR}/\" \"${INSTALL_DIR}/\"\n#ditto \"${DEVICE_DIR}/Headers\" \"${INSTALL_DIR}/Headers\"\n\nlipo -create \"${DEVICE_DIR}/${PROJECT_NAME}\" \"${SIMULATOR_DIR}/${PROJECT_NAME}\" -output \"${INSTALL_DIR}/${PROJECT_NAME}\"\n\n#open \"${DEVICE_DIR}\"\n#open \"${SRCROOT}/Products\"\nfi";
		};
/* End PBXShellScriptBuildPhase section */

/* Begin PBXSourcesBuildPhase section */
		8579EEF61E6BEDF900C33881 /* Sources */ = {
			isa = PBXSourcesBuildPhase;
			buildActionMask = 2147483647;
			files = (
				CDBB3B271EB9E80F00E8ED25 /* MJFoundation.m in Sources */,
				CDBB3B2C1EB9E80F00E8ED25 /* NSObject+MJCoding.m in Sources */,
				CDBB39C81EB9D96B00E8ED25 /* HomeVC.m in Sources */,
				CDF18CCC1EB884F1004B4794 /* BaseTabBarController.m in Sources */,
				CDF18CCD1EB884F1004B4794 /* BaseViewController.m in Sources */,
				CDBB3B2F1EB9E80F00E8ED25 /* NSString+MJExtension.m in Sources */,
				CDBB3B291EB9E80F00E8ED25 /* MJPropertyKey.m in Sources */,
				CDBB3B261EB9E80F00E8ED25 /* MJExtensionConst.m in Sources */,
				CD6C676A1EB9F2BC00B57279 /* DemoWebVC.m in Sources */,
				CDBB3B091EB9E01000E8ED25 /* DemoTableViewCell.m in Sources */,
				CDF18CCE1EB884F1004B4794 /* RootViewController.m in Sources */,
				8579EF021E6BEDF900C33881 /* AppDelegate.m in Sources */,
				CDBB39D61EB9DD1400E8ED25 /* BlogVC.m in Sources */,
				CDBB3B2D1EB9E80F00E8ED25 /* NSObject+MJKeyValue.m in Sources */,
				CDF18CE71EB888BE004B4794 /* UITableView+Creator.m in Sources */,
				CDBB3B2E1EB9E80F00E8ED25 /* NSObject+MJProperty.m in Sources */,
				CD77FE751EBEE9D0001A5787 /* TestVC3.m in Sources */,
				CDF18CE81EB888BE004B4794 /* UIViewController+AXExtension.m in Sources */,
				CDBB3B281EB9E80F00E8ED25 /* MJProperty.m in Sources */,
				CD77FE6F1EBEE9C2001A5787 /* TestVC1.m in Sources */,
				CDBB39B71EB9D74E00E8ED25 /* DemoConst.m in Sources */,
				CD77FE781EBEF095001A5787 /* PopView.m in Sources */,
				CDBB39B81EB9D74E00E8ED25 /* DemoMarcos.m in Sources */,
				CDBB3B2B1EB9E80F00E8ED25 /* NSObject+MJClass.m in Sources */,
				8579EEFF1E6BEDF900C33881 /* main.m in Sources */,
				CDBB39CA1EB9D96B00E8ED25 /* SettingVC.m in Sources */,
				CDBB39C61EB9D96B00E8ED25 /* AXLogVC.m in Sources */,
				CDBB3B0F1EB9E19D00E8ED25 /* SettingTableView.m in Sources */,
				CDBB3B2A1EB9E80F00E8ED25 /* MJPropertyType.m in Sources */,
				CDBB3B021EB9DF7A00E8ED25 /* DemoTableModel.m in Sources */,
				CDBB3B051EB9DFAD00E8ED25 /* DemoTableView.m in Sources */,
				CDF18CCB1EB884F1004B4794 /* BaseNavController.m in Sources */,
				CD77FE721EBEE9C9001A5787 /* TestVC2.m in Sources */,
			);
			runOnlyForDeploymentPostprocessing = 0;
		};
		8579EF141E6BEE4F00C33881 /* Sources */ = {
			isa = PBXSourcesBuildPhase;
			buildActionMask = 2147483647;
			files = (
				CDAB59001E6BF8620017CA1E /* Foundation+AXEventTarget.m in Sources */,
				CDAB58F81E6BF77E0017CA1E /* NSTimer+AXBlockWrapper.m in Sources */,
				CDAB590C1E6BF96B0017CA1E /* UIColor+AXExtension.m in Sources */,
				CDCF31131EBB11A4005AC6CD /* NSURL+AXExtension.m in Sources */,
				CDAB58EC1E6BF4EC0017CA1E /* NSObject+AXBlockWrapper.m in Sources */,
				CDE91FA11EAEE6E000FC5A88 /* NSError+AXExtension.m in Sources */,
				CD36EE801E7BAE31001C0C47 /* NSUserDefaults+AXWrapper.m in Sources */,
				CDAB58F41E6BF6CA0017CA1E /* NSString+AXFileStreamChainedWrapper.m in Sources */,
				CDAB59141E6BF9FE0017CA1E /* UIColorManager.m in Sources */,
				CDD7A06D1EA066000068FDBF /* UIResponder+AXExtension.m in Sources */,
				CDAB593C1E6BFE700017CA1E /* UIView+AXFrameWrapper.m in Sources */,
				CDAB59401E6BFEAC0017CA1E /* UIView+AXGestureExtension.m in Sources */,
				CDAB59041E6BF8B70017CA1E /* UIBarButtonItem+AXBlockWrapper.m in Sources */,
				CDAB591C1E6BFB9A0017CA1E /* UIFont+AXWrapper.m in Sources */,
				CDAB59201E6BFBCE0017CA1E /* UIImage+AXExtension.m in Sources */,
				CDAB59381E6BFE170017CA1E /* UIView+AXExtension.m in Sources */,
				CDAB58F01E6BF5A20017CA1E /* NSString+AXExtension.m in Sources */,
				CD77FE861EBF2971001A5787 /* NSOperation+AXExtension.m in Sources */,
				CDAB59241E6BFC2F0017CA1E /* UIImageView+AXGetColor.m in Sources */,
				CDE91FC21EAF478700FC5A88 /* NSBundle+AXExtension.m in Sources */,
				CD004D1B1EB2128C00ACC0B8 /* UIImageView+AXExtension.m in Sources */,
				CD2E9F2D1E7BBE7400C57CA6 /* UIViewController+AXExtension.m in Sources */,
				CDAB59281E6BFC730017CA1E /* UITextField+AXExtension.m in Sources */,
				CDD7A0711EA06A560068FDBF /* UINavigationController+AXExtension.m in Sources */,
				CDAB59181E6BFAA90017CA1E /* UIControl+AXBlockWrapper.m in Sources */,
				CDAB59101E6BF9B90017CA1E /* UIColor+MDColorPack.m in Sources */,
				CDAB592C1E6BFD050017CA1E /* UITextView+AXExtension.m in Sources */,
				CDAB59341E6BFDD60017CA1E /* UIView+AXAnimatedWrapper.m in Sources */,
				CDAB58E41E6BF3220017CA1E /* Foundation+AXLogExtension.m in Sources */,
				CDAB58FC1E6BF7E50017CA1E /* CIImage+AXScaleExtension.m in Sources */,
				CD77FE821EBEF8DF001A5787 /* Foundation+AXRangeExtension.m in Sources */,
				CDAB59081E6BF92F0017CA1E /* UIColor+AXColorPack.m in Sources */,
				CDAB58E01E6BF2160017CA1E /* CALayer+AXChainedWrapper.m in Sources */,
				CDAB58E81E6BF37E0017CA1E /* CoreGraphics+AXExtension.m in Sources */,
				CD77FE7E1EBEF7EC001A5787 /* Foundation+AXRandomExtension.m in Sources */,
			);
			runOnlyForDeploymentPostprocessing = 0;
		};
/* End PBXSourcesBuildPhase section */

/* Begin PBXTargetDependency section */
		8579EF1F1E6BEE4F00C33881 /* PBXTargetDependency */ = {
			isa = PBXTargetDependency;
			target = 8579EF181E6BEE4F00C33881 /* AXKit */;
			targetProxy = 8579EF1E1E6BEE4F00C33881 /* PBXContainerItemProxy */;
		};
/* End PBXTargetDependency section */

/* Begin PBXVariantGroup section */
		8579EF061E6BEDF900C33881 /* Main.storyboard */ = {
			isa = PBXVariantGroup;
			children = (
				8579EF071E6BEDF900C33881 /* Base */,
				CDE91FC91EAF4E6E00FC5A88 /* zh-Hans */,
				CD0645A01EB3A39B007FBF06 /* en */,
			);
			name = Main.storyboard;
			sourceTree = "<group>";
		};
		8579EF0B1E6BEDF900C33881 /* LaunchScreen.storyboard */ = {
			isa = PBXVariantGroup;
			children = (
				8579EF0C1E6BEDF900C33881 /* Base */,
				CDE91FCA1EAF4E6E00FC5A88 /* zh-Hans */,
			);
			name = LaunchScreen.storyboard;
			sourceTree = "<group>";
		};
		CD0645A51EB3A3DF007FBF06 /* Localizable.strings */ = {
			isa = PBXVariantGroup;
			children = (
				CD0645A41EB3A3DF007FBF06 /* Base */,
				CD0645A61EB3A3E3007FBF06 /* en */,
				CD0645A71EB3A3E4007FBF06 /* zh-Hans */,
			);
			name = Localizable.strings;
			sourceTree = "<group>";
		};
/* End PBXVariantGroup section */

/* Begin XCBuildConfiguration section */
		8579EF0F1E6BEDF900C33881 /* Debug */ = {
			isa = XCBuildConfiguration;
			buildSettings = {
				ALWAYS_SEARCH_USER_PATHS = NO;
				CLANG_ANALYZER_LOCALIZABILITY_NONLOCALIZED = YES;
				CLANG_ANALYZER_NONNULL = YES;
				CLANG_CXX_LANGUAGE_STANDARD = "gnu++0x";
				CLANG_CXX_LIBRARY = "libc++";
				CLANG_ENABLE_MODULES = YES;
				CLANG_ENABLE_OBJC_ARC = YES;
				CLANG_WARN_BOOL_CONVERSION = YES;
				CLANG_WARN_CONSTANT_CONVERSION = YES;
				CLANG_WARN_DIRECT_OBJC_ISA_USAGE = YES_ERROR;
				CLANG_WARN_DOCUMENTATION_COMMENTS = YES;
				CLANG_WARN_EMPTY_BODY = YES;
				CLANG_WARN_ENUM_CONVERSION = YES;
				CLANG_WARN_INFINITE_RECURSION = YES;
				CLANG_WARN_INT_CONVERSION = YES;
				CLANG_WARN_OBJC_ROOT_CLASS = YES_ERROR;
				CLANG_WARN_SUSPICIOUS_MOVE = YES;
				CLANG_WARN_SUSPICIOUS_MOVES = YES;
				CLANG_WARN_UNREACHABLE_CODE = YES;
				CLANG_WARN__DUPLICATE_METHOD_MATCH = YES;
				"CODE_SIGN_IDENTITY[sdk=iphoneos*]" = "iPhone Developer";
				COPY_PHASE_STRIP = NO;
				DEBUG_INFORMATION_FORMAT = dwarf;
				ENABLE_STRICT_OBJC_MSGSEND = YES;
				ENABLE_TESTABILITY = YES;
				GCC_C_LANGUAGE_STANDARD = gnu99;
				GCC_DYNAMIC_NO_PIC = NO;
				GCC_NO_COMMON_BLOCKS = YES;
				GCC_OPTIMIZATION_LEVEL = 0;
				GCC_PREPROCESSOR_DEFINITIONS = (
					"DEBUG=1",
					"$(inherited)",
				);
				GCC_WARN_64_TO_32_BIT_CONVERSION = YES;
				GCC_WARN_ABOUT_RETURN_TYPE = YES_ERROR;
				GCC_WARN_UNDECLARED_SELECTOR = YES;
				GCC_WARN_UNINITIALIZED_AUTOS = YES_AGGRESSIVE;
				GCC_WARN_UNUSED_FUNCTION = YES;
				GCC_WARN_UNUSED_VARIABLE = YES;
				IPHONEOS_DEPLOYMENT_TARGET = 9.0;
				MTL_ENABLE_DEBUG_INFO = YES;
				ONLY_ACTIVE_ARCH = YES;
				SDKROOT = iphoneos;
			};
			name = Debug;
		};
		8579EF101E6BEDF900C33881 /* Release */ = {
			isa = XCBuildConfiguration;
			buildSettings = {
				ALWAYS_SEARCH_USER_PATHS = NO;
				CLANG_ANALYZER_LOCALIZABILITY_NONLOCALIZED = YES;
				CLANG_ANALYZER_NONNULL = YES;
				CLANG_CXX_LANGUAGE_STANDARD = "gnu++0x";
				CLANG_CXX_LIBRARY = "libc++";
				CLANG_ENABLE_MODULES = YES;
				CLANG_ENABLE_OBJC_ARC = YES;
				CLANG_WARN_BOOL_CONVERSION = YES;
				CLANG_WARN_CONSTANT_CONVERSION = YES;
				CLANG_WARN_DIRECT_OBJC_ISA_USAGE = YES_ERROR;
				CLANG_WARN_DOCUMENTATION_COMMENTS = YES;
				CLANG_WARN_EMPTY_BODY = YES;
				CLANG_WARN_ENUM_CONVERSION = YES;
				CLANG_WARN_INFINITE_RECURSION = YES;
				CLANG_WARN_INT_CONVERSION = YES;
				CLANG_WARN_OBJC_ROOT_CLASS = YES_ERROR;
				CLANG_WARN_SUSPICIOUS_MOVE = YES;
				CLANG_WARN_SUSPICIOUS_MOVES = YES;
				CLANG_WARN_UNREACHABLE_CODE = YES;
				CLANG_WARN__DUPLICATE_METHOD_MATCH = YES;
				"CODE_SIGN_IDENTITY[sdk=iphoneos*]" = "iPhone Developer";
				COPY_PHASE_STRIP = NO;
				DEBUG_INFORMATION_FORMAT = "dwarf-with-dsym";
				ENABLE_NS_ASSERTIONS = NO;
				ENABLE_STRICT_OBJC_MSGSEND = YES;
				GCC_C_LANGUAGE_STANDARD = gnu99;
				GCC_NO_COMMON_BLOCKS = YES;
				GCC_WARN_64_TO_32_BIT_CONVERSION = YES;
				GCC_WARN_ABOUT_RETURN_TYPE = YES_ERROR;
				GCC_WARN_UNDECLARED_SELECTOR = YES;
				GCC_WARN_UNINITIALIZED_AUTOS = YES_AGGRESSIVE;
				GCC_WARN_UNUSED_FUNCTION = YES;
				GCC_WARN_UNUSED_VARIABLE = YES;
				IPHONEOS_DEPLOYMENT_TARGET = 9.0;
				MTL_ENABLE_DEBUG_INFO = NO;
				SDKROOT = iphoneos;
				VALIDATE_PRODUCT = YES;
			};
			name = Release;
		};
		8579EF121E6BEDF900C33881 /* Debug */ = {
			isa = XCBuildConfiguration;
			buildSettings = {
				ASSETCATALOG_COMPILER_APPICON_NAME = AppIcon;
				DEVELOPMENT_TEAM = 6C36HX8DP4;
				GCC_PREFIX_HEADER = "$(SRCROOT)/AXKitDemo/PrefixHeader.pch";
				INFOPLIST_FILE = AXKitDemo/Info.plist;
				IPHONEOS_DEPLOYMENT_TARGET = 9.0;
				LD_RUNPATH_SEARCH_PATHS = "$(inherited) @executable_path/Frameworks";
				OTHER_LDFLAGS = "-ObjC";
				PRODUCT_BUNDLE_IDENTIFIER = com.xaoxuu.AXKitDemo;
				PRODUCT_NAME = "$(TARGET_NAME)";
			};
			name = Debug;
		};
		8579EF131E6BEDF900C33881 /* Release */ = {
			isa = XCBuildConfiguration;
			buildSettings = {
				ASSETCATALOG_COMPILER_APPICON_NAME = AppIcon;
				DEVELOPMENT_TEAM = 6C36HX8DP4;
				GCC_PREFIX_HEADER = "$(SRCROOT)/AXKitDemo/PrefixHeader.pch";
				INFOPLIST_FILE = AXKitDemo/Info.plist;
				IPHONEOS_DEPLOYMENT_TARGET = 9.0;
				LD_RUNPATH_SEARCH_PATHS = "$(inherited) @executable_path/Frameworks";
				OTHER_LDFLAGS = "-ObjC";
				PRODUCT_BUNDLE_IDENTIFIER = com.xaoxuu.AXKitDemo;
				PRODUCT_NAME = "$(TARGET_NAME)";
			};
			name = Release;
		};
		8579EF231E6BEE4F00C33881 /* Debug */ = {
			isa = XCBuildConfiguration;
			buildSettings = {
				CODE_SIGN_IDENTITY = "";
				CURRENT_PROJECT_VERSION = 1;
				DEFINES_MODULE = YES;
				DEVELOPMENT_TEAM = 6C36HX8DP4;
				DYLIB_COMPATIBILITY_VERSION = 1;
				DYLIB_CURRENT_VERSION = 1;
				DYLIB_INSTALL_NAME_BASE = "@rpath";
				INFOPLIST_FILE = AXKit/Info.plist;
				INSTALL_PATH = "$(LOCAL_LIBRARY_DIR)/Frameworks";
				LD_RUNPATH_SEARCH_PATHS = "$(inherited) @executable_path/Frameworks @loader_path/Frameworks";
				MACH_O_TYPE = staticlib;
				OTHER_LDFLAGS = "";
				PRODUCT_BUNDLE_IDENTIFIER = com.xaoxuu.AXKit;
				PRODUCT_NAME = "$(TARGET_NAME)";
				SKIP_INSTALL = YES;
				TARGETED_DEVICE_FAMILY = "1,2";
				VERSIONING_SYSTEM = "apple-generic";
				VERSION_INFO_PREFIX = "";
			};
			name = Debug;
		};
		8579EF241E6BEE4F00C33881 /* Release */ = {
			isa = XCBuildConfiguration;
			buildSettings = {
				CODE_SIGN_IDENTITY = "";
				CURRENT_PROJECT_VERSION = 1;
				DEFINES_MODULE = YES;
				DEVELOPMENT_TEAM = 6C36HX8DP4;
				DYLIB_COMPATIBILITY_VERSION = 1;
				DYLIB_CURRENT_VERSION = 1;
				DYLIB_INSTALL_NAME_BASE = "@rpath";
				INFOPLIST_FILE = AXKit/Info.plist;
				INSTALL_PATH = "$(LOCAL_LIBRARY_DIR)/Frameworks";
				LD_RUNPATH_SEARCH_PATHS = "$(inherited) @executable_path/Frameworks @loader_path/Frameworks";
				MACH_O_TYPE = staticlib;
				OTHER_LDFLAGS = "";
				PRODUCT_BUNDLE_IDENTIFIER = com.xaoxuu.AXKit;
				PRODUCT_NAME = "$(TARGET_NAME)";
				SKIP_INSTALL = YES;
				TARGETED_DEVICE_FAMILY = "1,2";
				VERSIONING_SYSTEM = "apple-generic";
				VERSION_INFO_PREFIX = "";
			};
			name = Release;
		};
		CDAB59471E6C0F270017CA1E /* Debug */ = {
			isa = XCBuildConfiguration;
			buildSettings = {
				DEVELOPMENT_TEAM = 6C36HX8DP4;
				PRODUCT_NAME = "$(TARGET_NAME)";
			};
			name = Debug;
		};
		CDAB59481E6C0F270017CA1E /* Release */ = {
			isa = XCBuildConfiguration;
			buildSettings = {
				DEVELOPMENT_TEAM = 6C36HX8DP4;
				PRODUCT_NAME = "$(TARGET_NAME)";
			};
			name = Release;
		};
/* End XCBuildConfiguration section */

/* Begin XCConfigurationList section */
		8579EEF51E6BEDF900C33881 /* Build configuration list for PBXProject "AXKit" */ = {
			isa = XCConfigurationList;
			buildConfigurations = (
				8579EF0F1E6BEDF900C33881 /* Debug */,
				8579EF101E6BEDF900C33881 /* Release */,
			);
			defaultConfigurationIsVisible = 0;
			defaultConfigurationName = Release;
		};
		8579EF111E6BEDF900C33881 /* Build configuration list for PBXNativeTarget "AXKitDemo" */ = {
			isa = XCConfigurationList;
			buildConfigurations = (
				8579EF121E6BEDF900C33881 /* Debug */,
				8579EF131E6BEDF900C33881 /* Release */,
			);
			defaultConfigurationIsVisible = 0;
			defaultConfigurationName = Release;
		};
		8579EF221E6BEE4F00C33881 /* Build configuration list for PBXNativeTarget "AXKit" */ = {
			isa = XCConfigurationList;
			buildConfigurations = (
				8579EF231E6BEE4F00C33881 /* Debug */,
				8579EF241E6BEE4F00C33881 /* Release */,
			);
			defaultConfigurationIsVisible = 0;
			defaultConfigurationName = Release;
		};
		CDAB59461E6C0F270017CA1E /* Build configuration list for PBXAggregateTarget "Framework" */ = {
			isa = XCConfigurationList;
			buildConfigurations = (
				CDAB59471E6C0F270017CA1E /* Debug */,
				CDAB59481E6C0F270017CA1E /* Release */,
			);
			defaultConfigurationIsVisible = 0;
			defaultConfigurationName = Release;
		};
/* End XCConfigurationList section */
	};
	rootObject = 8579EEF21E6BEDF900C33881 /* Project object */;
}
